// !$*UTF8*$!
{
	archiveVersion = 1;
	classes = {
	};
	objectVersion = 50;
	objects = {

/* Begin PBXBuildFile section */
		4037C21F2487DCFA001B4029 /* virtualKeyboard.c in Sources */ = {isa = PBXBuildFile; fileRef = 4037C2152487DCFA001B4029 /* virtualKeyboard.c */; };
		4037C2202487DCFA001B4029 /* virtualKeyboard.c in Sources */ = {isa = PBXBuildFile; fileRef = 4037C2152487DCFA001B4029 /* virtualKeyboard.c */; };
		403839C7247E5D7900C1B08B /* audio.c in Sources */ = {isa = PBXBuildFile; fileRef = 403839C5247E5D7900C1B08B /* audio.c */; };
		403839C8247E5D7900C1B08B /* audio.c in Sources */ = {isa = PBXBuildFile; fileRef = 403839C5247E5D7900C1B08B /* audio.c */; };
		403839C9247E5D7900C1B08B /* system.c in Sources */ = {isa = PBXBuildFile; fileRef = 403839C6247E5D7900C1B08B /* system.c */; };
		403839CA247E5D7900C1B08B /* system.c in Sources */ = {isa = PBXBuildFile; fileRef = 403839C6247E5D7900C1B08B /* system.c */; };
		403839CC247E5DAF00C1B08B /* logging.c in Sources */ = {isa = PBXBuildFile; fileRef = 403839CB247E5DAE00C1B08B /* logging.c */; };
		403839CD247E5DAF00C1B08B /* logging.c in Sources */ = {isa = PBXBuildFile; fileRef = 403839CB247E5DAE00C1B08B /* logging.c */; };
		404824412485BA1200D13735 /* audio in Resources */ = {isa = PBXBuildFile; fileRef = 404824402485BA1200D13735 /* audio */; };
		404824422485BA1200D13735 /* audio in Resources */ = {isa = PBXBuildFile; fileRef = 404824402485BA1200D13735 /* audio */; };
		404879F0246C402B00B776FA /* Assets.xcassets in Resources */ = {isa = PBXBuildFile; fileRef = 404879EF246C402B00B776FA /* Assets.xcassets */; };
		404879FB246C403A00B776FA /* ini.c in Sources */ = {isa = PBXBuildFile; fileRef = 40DA3CFB2468BEF900D4A308 /* ini.c */; };
		404879FD246C403A00B776FA /* supaplex.c in Sources */ = {isa = PBXBuildFile; fileRef = 4062C246244CE5D5007A07F5 /* supaplex.c */; };
		40487A03246C403A00B776FA /* utils.c in Sources */ = {isa = PBXBuildFile; fileRef = 400145AB2462CE9F00620211 /* utils.c */; };
		40487A05246C403A00B776FA /* menu.c in Sources */ = {isa = PBXBuildFile; fileRef = 40DA3CF72468717400D4A308 /* menu.c */; };
		40487A06246C403A00B776FA /* config.c in Sources */ = {isa = PBXBuildFile; fileRef = 40DA3D022469C03000D4A308 /* config.c */; };
		40487A07246C403A00B776FA /* input.c in Sources */ = {isa = PBXBuildFile; fileRef = 404879C0246B51E600B776FA /* input.c */; };
		40487A08246C403A00B776FA /* conditionals.c in Sources */ = {isa = PBXBuildFile; fileRef = 404879C3246B609900B776FA /* conditionals.c */; };
		40487A83246CB32400B776FA /* file.m in Sources */ = {isa = PBXBuildFile; fileRef = 40487A82246CB32400B776FA /* file.m */; };
		40517B152473EC57004E2435 /* graphics.c in Sources */ = {isa = PBXBuildFile; fileRef = 40517B142473EC57004E2435 /* graphics.c */; };
		40517B162473EC57004E2435 /* graphics.c in Sources */ = {isa = PBXBuildFile; fileRef = 40517B142473EC57004E2435 /* graphics.c */; };
		4056430D246F49CE0042F34B /* commandLineParser.c in Sources */ = {isa = PBXBuildFile; fileRef = 4056430C246F49CE0042F34B /* commandLineParser.c */; };
		40564310246F4A9A0042F34B /* globals.c in Sources */ = {isa = PBXBuildFile; fileRef = 4056430F246F4A9A0042F34B /* globals.c */; };
		40564313246F5DB60042F34B /* demo.c in Sources */ = {isa = PBXBuildFile; fileRef = 40564312246F5DB60042F34B /* demo.c */; };
		40564316247032640042F34B /* commandLineParser.c in Sources */ = {isa = PBXBuildFile; fileRef = 4056430C246F49CE0042F34B /* commandLineParser.c */; };
		40564317247032640042F34B /* menu.c in Sources */ = {isa = PBXBuildFile; fileRef = 40DA3CF72468717400D4A308 /* menu.c */; };
		40564318247032640042F34B /* ini.c in Sources */ = {isa = PBXBuildFile; fileRef = 40DA3CFB2468BEF900D4A308 /* ini.c */; };
		4056431B247032640042F34B /* supaplex.c in Sources */ = {isa = PBXBuildFile; fileRef = 4062C246244CE5D5007A07F5 /* supaplex.c */; };
		4056431C247032640042F34B /* conditionals.c in Sources */ = {isa = PBXBuildFile; fileRef = 404879C3246B609900B776FA /* conditionals.c */; };
		40564320247032640042F34B /* config.c in Sources */ = {isa = PBXBuildFile; fileRef = 40DA3D022469C03000D4A308 /* config.c */; };
		40564321247032640042F34B /* demo.c in Sources */ = {isa = PBXBuildFile; fileRef = 40564312246F5DB60042F34B /* demo.c */; };
		40564322247032640042F34B /* file.m in Sources */ = {isa = PBXBuildFile; fileRef = 40487A82246CB32400B776FA /* file.m */; };
		40564324247032640042F34B /* input.c in Sources */ = {isa = PBXBuildFile; fileRef = 404879C0246B51E600B776FA /* input.c */; };
		40564325247032640042F34B /* globals.c in Sources */ = {isa = PBXBuildFile; fileRef = 4056430F246F4A9A0042F34B /* globals.c */; };
		40564326247032640042F34B /* utils.c in Sources */ = {isa = PBXBuildFile; fileRef = 400145AB2462CE9F00620211 /* utils.c */; };
		4056433B247032640042F34B /* Assets.xcassets in Resources */ = {isa = PBXBuildFile; fileRef = 404879EF246C402B00B776FA /* Assets.xcassets */; };
		409F7B672479D45200BB3B19 /* buttonBorders.c in Sources */ = {isa = PBXBuildFile; fileRef = 409F7B662479D45200BB3B19 /* buttonBorders.c */; };
		409F7B682479D45200BB3B19 /* buttonBorders.c in Sources */ = {isa = PBXBuildFile; fileRef = 409F7B662479D45200BB3B19 /* buttonBorders.c */; };
		409F7B6B2479D56D00BB3B19 /* animations.c in Sources */ = {isa = PBXBuildFile; fileRef = 409F7B6A2479D56D00BB3B19 /* animations.c */; };
		409F7B6C2479D56D00BB3B19 /* animations.c in Sources */ = {isa = PBXBuildFile; fileRef = 409F7B6A2479D56D00BB3B19 /* animations.c */; };
		409F7DDC247B299100BB3B19 /* LEVEL.L04 in Resources */ = {isa = PBXBuildFile; fileRef = 409F7D83247B298900BB3B19 /* LEVEL.L04 */; };
		409F7DDD247B299100BB3B19 /* LEVEL.L04 in Resources */ = {isa = PBXBuildFile; fileRef = 409F7D83247B298900BB3B19 /* LEVEL.L04 */; };
		409F7DDE247B299100BB3B19 /* myspsig.txt in Resources */ = {isa = PBXBuildFile; fileRef = 409F7D84247B298900BB3B19 /* myspsig.txt */; };
		409F7DDF247B299100BB3B19 /* myspsig.txt in Resources */ = {isa = PBXBuildFile; fileRef = 409F7D84247B298900BB3B19 /* myspsig.txt */; };
		409F7DE0247B299100BB3B19 /* LEVELS.D02 in Resources */ = {isa = PBXBuildFile; fileRef = 409F7D85247B298900BB3B19 /* LEVELS.D02 */; };
		409F7DE1247B299100BB3B19 /* LEVELS.D02 in Resources */ = {isa = PBXBuildFile; fileRef = 409F7D85247B298900BB3B19 /* LEVELS.D02 */; };
		409F7DE2247B299100BB3B19 /* SPFIX63.DOC in Resources */ = {isa = PBXBuildFile; fileRef = 409F7D86247B298900BB3B19 /* SPFIX63.DOC */; };
		409F7DE3247B299100BB3B19 /* SPFIX63.DOC in Resources */ = {isa = PBXBuildFile; fileRef = 409F7D86247B298900BB3B19 /* SPFIX63.DOC */; };
		409F7DE4247B299100BB3B19 /* LEVELS.D96 in Resources */ = {isa = PBXBuildFile; fileRef = 409F7D87247B298900BB3B19 /* LEVELS.D96 */; };
		409F7DE5247B299100BB3B19 /* LEVELS.D96 in Resources */ = {isa = PBXBuildFile; fileRef = 409F7D87247B298900BB3B19 /* LEVELS.D96 */; };
		409F7DE6247B299100BB3B19 /* SPLVLS11.TXT in Resources */ = {isa = PBXBuildFile; fileRef = 409F7D88247B298900BB3B19 /* SPLVLS11.TXT */; };
		409F7DE7247B299100BB3B19 /* SPLVLS11.TXT in Resources */ = {isa = PBXBuildFile; fileRef = 409F7D88247B298900BB3B19 /* SPLVLS11.TXT */; };
		409F7DE8247B299100BB3B19 /* LEVELS.D07 in Resources */ = {isa = PBXBuildFile; fileRef = 409F7D89247B298900BB3B19 /* LEVELS.D07 */; };
		409F7DE9247B299100BB3B19 /* LEVELS.D07 in Resources */ = {isa = PBXBuildFile; fileRef = 409F7D89247B298900BB3B19 /* LEVELS.D07 */; };
		409F7DEA247B299100BB3B19 /* DEMO3.BIN in Resources */ = {isa = PBXBuildFile; fileRef = 409F7D8A247B298900BB3B19 /* DEMO3.BIN */; };
		409F7DEB247B299100BB3B19 /* DEMO3.BIN in Resources */ = {isa = PBXBuildFile; fileRef = 409F7D8A247B298900BB3B19 /* DEMO3.BIN */; };
		409F7DEC247B299100BB3B19 /* DEMO6.BIN in Resources */ = {isa = PBXBuildFile; fileRef = 409F7D8B247B298900BB3B19 /* DEMO6.BIN */; };
		409F7DED247B299100BB3B19 /* DEMO6.BIN in Resources */ = {isa = PBXBuildFile; fileRef = 409F7D8B247B298900BB3B19 /* DEMO6.BIN */; };
		409F7DEE247B299100BB3B19 /* SPLVLS93.TXT in Resources */ = {isa = PBXBuildFile; fileRef = 409F7D8C247B298900BB3B19 /* SPLVLS93.TXT */; };
		409F7DEF247B299100BB3B19 /* SPLVLS93.TXT in Resources */ = {isa = PBXBuildFile; fileRef = 409F7D8C247B298900BB3B19 /* SPLVLS93.TXT */; };
		409F7DF0247B299100BB3B19 /* SPLVLS04.TXT in Resources */ = {isa = PBXBuildFile; fileRef = 409F7D8D247B298900BB3B19 /* SPLVLS04.TXT */; };
		409F7DF1247B299100BB3B19 /* SPLVLS04.TXT in Resources */ = {isa = PBXBuildFile; fileRef = 409F7D8D247B298900BB3B19 /* SPLVLS04.TXT */; };
		409F7DF2247B299100BB3B19 /* README.TXT in Resources */ = {isa = PBXBuildFile; fileRef = 409F7D8E247B298900BB3B19 /* README.TXT */; };
		409F7DF3247B299100BB3B19 /* README.TXT in Resources */ = {isa = PBXBuildFile; fileRef = 409F7D8E247B298900BB3B19 /* README.TXT */; };
		409F7DF4247B299100BB3B19 /* LEVEL.L27 in Resources */ = {isa = PBXBuildFile; fileRef = 409F7D8F247B298900BB3B19 /* LEVEL.L27 */; };
		409F7DF5247B299100BB3B19 /* LEVEL.L27 in Resources */ = {isa = PBXBuildFile; fileRef = 409F7D8F247B298900BB3B19 /* LEVEL.L27 */; };
		409F7DF6247B299100BB3B19 /* LEVEL.L98 in Resources */ = {isa = PBXBuildFile; fileRef = 409F7D90247B298900BB3B19 /* LEVEL.L98 */; };
		409F7DF7247B299100BB3B19 /* LEVEL.L98 in Resources */ = {isa = PBXBuildFile; fileRef = 409F7D90247B298900BB3B19 /* LEVEL.L98 */; };
		409F7DF8247B299100BB3B19 /* LEVELS.D12 in Resources */ = {isa = PBXBuildFile; fileRef = 409F7D91247B298A00BB3B19 /* LEVELS.D12 */; };
		409F7DF9247B299100BB3B19 /* LEVELS.D12 in Resources */ = {isa = PBXBuildFile; fileRef = 409F7D91247B298A00BB3B19 /* LEVELS.D12 */; };
		409F7DFA247B299100BB3B19 /* LEVEL.L03 in Resources */ = {isa = PBXBuildFile; fileRef = 409F7D92247B298A00BB3B19 /* LEVEL.L03 */; };
		409F7DFB247B299100BB3B19 /* LEVEL.L03 in Resources */ = {isa = PBXBuildFile; fileRef = 409F7D92247B298A00BB3B19 /* LEVEL.L03 */; };
		409F7DFC247B299100BB3B19 /* DEMO7.BIN in Resources */ = {isa = PBXBuildFile; fileRef = 409F7D93247B298A00BB3B19 /* DEMO7.BIN */; };
		409F7DFD247B299100BB3B19 /* DEMO7.BIN in Resources */ = {isa = PBXBuildFile; fileRef = 409F7D93247B298A00BB3B19 /* DEMO7.BIN */; };
		409F7DFE247B299100BB3B19 /* SPLVLS02.TXT in Resources */ = {isa = PBXBuildFile; fileRef = 409F7D94247B298A00BB3B19 /* SPLVLS02.TXT */; };
		409F7DFF247B299100BB3B19 /* SPLVLS02.TXT in Resources */ = {isa = PBXBuildFile; fileRef = 409F7D94247B298A00BB3B19 /* SPLVLS02.TXT */; };
		409F7E00247B299100BB3B19 /* SPLVLS94.TXT in Resources */ = {isa = PBXBuildFile; fileRef = 409F7D95247B298A00BB3B19 /* SPLVLS94.TXT */; };
		409F7E01247B299100BB3B19 /* SPLVLS94.TXT in Resources */ = {isa = PBXBuildFile; fileRef = 409F7D95247B298A00BB3B19 /* SPLVLS94.TXT */; };
		409F7E02247B299100BB3B19 /* SPLVLS01.TXT in Resources */ = {isa = PBXBuildFile; fileRef = 409F7D96247B298A00BB3B19 /* SPLVLS01.TXT */; };
		409F7E03247B299100BB3B19 /* SPLVLS01.TXT in Resources */ = {isa = PBXBuildFile; fileRef = 409F7D96247B298A00BB3B19 /* SPLVLS01.TXT */; };
		409F7E04247B299100BB3B19 /* DEMO9.BIN in Resources */ = {isa = PBXBuildFile; fileRef = 409F7D97247B298A00BB3B19 /* DEMO9.BIN */; };
		409F7E05247B299100BB3B19 /* DEMO9.BIN in Resources */ = {isa = PBXBuildFile; fileRef = 409F7D97247B298A00BB3B19 /* DEMO9.BIN */; };
		409F7E06247B299100BB3B19 /* LEVEL.L95 in Resources */ = {isa = PBXBuildFile; fileRef = 409F7D98247B298A00BB3B19 /* LEVEL.L95 */; };
		409F7E07247B299100BB3B19 /* LEVEL.L95 in Resources */ = {isa = PBXBuildFile; fileRef = 409F7D98247B298A00BB3B19 /* LEVEL.L95 */; };
		409F7E08247B299100BB3B19 /* DEMO2.BIN in Resources */ = {isa = PBXBuildFile; fileRef = 409F7D99247B298A00BB3B19 /* DEMO2.BIN */; };
		409F7E09247B299100BB3B19 /* DEMO2.BIN in Resources */ = {isa = PBXBuildFile; fileRef = 409F7D99247B298A00BB3B19 /* DEMO2.BIN */; };
		409F7E0A247B299100BB3B19 /* SPLVLS07.TXT in Resources */ = {isa = PBXBuildFile; fileRef = 409F7D9A247B298A00BB3B19 /* SPLVLS07.TXT */; };
		409F7E0B247B299100BB3B19 /* SPLVLS07.TXT in Resources */ = {isa = PBXBuildFile; fileRef = 409F7D9A247B298A00BB3B19 /* SPLVLS07.TXT */; };
		409F7E0C247B299100BB3B19 /* LEVEL.L06 in Resources */ = {isa = PBXBuildFile; fileRef = 409F7D9B247B298A00BB3B19 /* LEVEL.L06 */; };
		409F7E0D247B299100BB3B19 /* LEVEL.L06 in Resources */ = {isa = PBXBuildFile; fileRef = 409F7D9B247B298A00BB3B19 /* LEVEL.L06 */; };
		409F7E0E247B299200BB3B19 /* CONTROLS.DAT in Resources */ = {isa = PBXBuildFile; fileRef = 409F7D9C247B298A00BB3B19 /* CONTROLS.DAT */; };
		409F7E0F247B299200BB3B19 /* CONTROLS.DAT in Resources */ = {isa = PBXBuildFile; fileRef = 409F7D9C247B298A00BB3B19 /* CONTROLS.DAT */; };
		409F7E10247B299200BB3B19 /* PALETTES.DAT in Resources */ = {isa = PBXBuildFile; fileRef = 409F7D9D247B298A00BB3B19 /* PALETTES.DAT */; };
		409F7E11247B299200BB3B19 /* PALETTES.DAT in Resources */ = {isa = PBXBuildFile; fileRef = 409F7D9D247B298A00BB3B19 /* PALETTES.DAT */; };
		409F7E12247B299200BB3B19 /* SPLVLS10.TXT in Resources */ = {isa = PBXBuildFile; fileRef = 409F7D9E247B298B00BB3B19 /* SPLVLS10.TXT */; };
		409F7E13247B299200BB3B19 /* SPLVLS10.TXT in Resources */ = {isa = PBXBuildFile; fileRef = 409F7D9E247B298B00BB3B19 /* SPLVLS10.TXT */; };
		409F7E14247B299200BB3B19 /* SPLVLS98.TXT in Resources */ = {isa = PBXBuildFile; fileRef = 409F7D9F247B298B00BB3B19 /* SPLVLS98.TXT */; };
		409F7E15247B299200BB3B19 /* SPLVLS98.TXT in Resources */ = {isa = PBXBuildFile; fileRef = 409F7D9F247B298B00BB3B19 /* SPLVLS98.TXT */; };
		409F7E16247B299200BB3B19 /* LEVEL.L92 in Resources */ = {isa = PBXBuildFile; fileRef = 409F7DA0247B298B00BB3B19 /* LEVEL.L92 */; };
		409F7E17247B299200BB3B19 /* LEVEL.L92 in Resources */ = {isa = PBXBuildFile; fileRef = 409F7DA0247B298B00BB3B19 /* LEVEL.L92 */; };
		409F7E18247B299200BB3B19 /* CHARS6.DAT in Resources */ = {isa = PBXBuildFile; fileRef = 409F7DA1247B298B00BB3B19 /* CHARS6.DAT */; };
		409F7E19247B299200BB3B19 /* CHARS6.DAT in Resources */ = {isa = PBXBuildFile; fileRef = 409F7DA1247B298B00BB3B19 /* CHARS6.DAT */; };
		409F7E1A247B299200BB3B19 /* SPLVLS05.TXT in Resources */ = {isa = PBXBuildFile; fileRef = 409F7DA2247B298B00BB3B19 /* SPLVLS05.TXT */; };
		409F7E1B247B299200BB3B19 /* SPLVLS05.TXT in Resources */ = {isa = PBXBuildFile; fileRef = 409F7DA2247B298B00BB3B19 /* SPLVLS05.TXT */; };
		409F7E1C247B299200BB3B19 /* DEMO4.BIN in Resources */ = {isa = PBXBuildFile; fileRef = 409F7DA3247B298B00BB3B19 /* DEMO4.BIN */; };
		409F7E1D247B299200BB3B19 /* DEMO4.BIN in Resources */ = {isa = PBXBuildFile; fileRef = 409F7DA3247B298B00BB3B19 /* DEMO4.BIN */; };
		409F7E1E247B299200BB3B19 /* LEVELS.D03 in Resources */ = {isa = PBXBuildFile; fileRef = 409F7DA4247B298B00BB3B19 /* LEVELS.D03 */; };
		409F7E1F247B299200BB3B19 /* LEVELS.D03 in Resources */ = {isa = PBXBuildFile; fileRef = 409F7DA4247B298B00BB3B19 /* LEVELS.D03 */; };
		409F7E20247B299200BB3B19 /* LEVEL.L05 in Resources */ = {isa = PBXBuildFile; fileRef = 409F7DA5247B298B00BB3B19 /* LEVEL.L05 */; };
		409F7E21247B299200BB3B19 /* LEVEL.L05 in Resources */ = {isa = PBXBuildFile; fileRef = 409F7DA5247B298B00BB3B19 /* LEVEL.L05 */; };
		409F7E22247B299200BB3B19 /* MENU.DAT in Resources */ = {isa = PBXBuildFile; fileRef = 409F7DA6247B298B00BB3B19 /* MENU.DAT */; };
		409F7E23247B299200BB3B19 /* MENU.DAT in Resources */ = {isa = PBXBuildFile; fileRef = 409F7DA6247B298B00BB3B19 /* MENU.DAT */; };
		409F7E24247B299200BB3B19 /* SPLVLS09.TXT in Resources */ = {isa = PBXBuildFile; fileRef = 409F7DA7247B298B00BB3B19 /* SPLVLS09.TXT */; };
		409F7E25247B299200BB3B19 /* SPLVLS09.TXT in Resources */ = {isa = PBXBuildFile; fileRef = 409F7DA7247B298B00BB3B19 /* SPLVLS09.TXT */; };
		409F7E26247B299200BB3B19 /* TITLE2.DAT in Resources */ = {isa = PBXBuildFile; fileRef = 409F7DA8247B298C00BB3B19 /* TITLE2.DAT */; };
		409F7E27247B299200BB3B19 /* TITLE2.DAT in Resources */ = {isa = PBXBuildFile; fileRef = 409F7DA8247B298C00BB3B19 /* TITLE2.DAT */; };
		409F7E28247B299200BB3B19 /* SPLVLS92.TXT in Resources */ = {isa = PBXBuildFile; fileRef = 409F7DA9247B298C00BB3B19 /* SPLVLS92.TXT */; };
		409F7E29247B299200BB3B19 /* SPLVLS92.TXT in Resources */ = {isa = PBXBuildFile; fileRef = 409F7DA9247B298C00BB3B19 /* SPLVLS92.TXT */; };
		409F7E2A247B299200BB3B19 /* LEVELS.D98 in Resources */ = {isa = PBXBuildFile; fileRef = 409F7DAA247B298C00BB3B19 /* LEVELS.D98 */; };
		409F7E2B247B299200BB3B19 /* LEVELS.D98 in Resources */ = {isa = PBXBuildFile; fileRef = 409F7DAA247B298C00BB3B19 /* LEVELS.D98 */; };
		409F7E2C247B299200BB3B19 /* LEVELS.DAT in Resources */ = {isa = PBXBuildFile; fileRef = 409F7DAB247B298C00BB3B19 /* LEVELS.DAT */; };
		409F7E2D247B299200BB3B19 /* LEVELS.DAT in Resources */ = {isa = PBXBuildFile; fileRef = 409F7DAB247B298C00BB3B19 /* LEVELS.DAT */; };
		409F7E2E247B299200BB3B19 /* LEVELS.D11 in Resources */ = {isa = PBXBuildFile; fileRef = 409F7DAC247B298C00BB3B19 /* LEVELS.D11 */; };
		409F7E2F247B299200BB3B19 /* LEVELS.D11 in Resources */ = {isa = PBXBuildFile; fileRef = 409F7DAC247B298C00BB3B19 /* LEVELS.D11 */; };
		409F7E30247B299200BB3B19 /* TITLE1.DAT in Resources */ = {isa = PBXBuildFile; fileRef = 409F7DAD247B298C00BB3B19 /* TITLE1.DAT */; };
		409F7E31247B299200BB3B19 /* TITLE1.DAT in Resources */ = {isa = PBXBuildFile; fileRef = 409F7DAD247B298C00BB3B19 /* TITLE1.DAT */; };
		409F7E32247B299200BB3B19 /* LEVELS.D94 in Resources */ = {isa = PBXBuildFile; fileRef = 409F7DAE247B298C00BB3B19 /* LEVELS.D94 */; };
		409F7E33247B299200BB3B19 /* LEVELS.D94 in Resources */ = {isa = PBXBuildFile; fileRef = 409F7DAE247B298C00BB3B19 /* LEVELS.D94 */; };
		409F7E34247B299200BB3B19 /* DEMO5.BIN in Resources */ = {isa = PBXBuildFile; fileRef = 409F7DAF247B298C00BB3B19 /* DEMO5.BIN */; };
		409F7E35247B299200BB3B19 /* DEMO5.BIN in Resources */ = {isa = PBXBuildFile; fileRef = 409F7DAF247B298C00BB3B19 /* DEMO5.BIN */; };
		409F7E36247B299200BB3B19 /* BACK.DAT in Resources */ = {isa = PBXBuildFile; fileRef = 409F7DB0247B298C00BB3B19 /* BACK.DAT */; };
		409F7E37247B299200BB3B19 /* BACK.DAT in Resources */ = {isa = PBXBuildFile; fileRef = 409F7DB0247B298C00BB3B19 /* BACK.DAT */; };
		409F7E38247B299200BB3B19 /* LEVEL.LST in Resources */ = {isa = PBXBuildFile; fileRef = 409F7DB1247B298C00BB3B19 /* LEVEL.LST */; };
		409F7E39247B299200BB3B19 /* LEVEL.LST in Resources */ = {isa = PBXBuildFile; fileRef = 409F7DB1247B298C00BB3B19 /* LEVEL.LST */; };
		409F7E3A247B299200BB3B19 /* DEMO8.BIN in Resources */ = {isa = PBXBuildFile; fileRef = 409F7DB2247B298D00BB3B19 /* DEMO8.BIN */; };
		409F7E3B247B299200BB3B19 /* DEMO8.BIN in Resources */ = {isa = PBXBuildFile; fileRef = 409F7DB2247B298D00BB3B19 /* DEMO8.BIN */; };
		409F7E3C247B299200BB3B19 /* GFX.DAT in Resources */ = {isa = PBXBuildFile; fileRef = 409F7DB3247B298D00BB3B19 /* GFX.DAT */; };
		409F7E3D247B299200BB3B19 /* GFX.DAT in Resources */ = {isa = PBXBuildFile; fileRef = 409F7DB3247B298D00BB3B19 /* GFX.DAT */; };
		409F7E3E247B299200BB3B19 /* SPLVLS12.TXT in Resources */ = {isa = PBXBuildFile; fileRef = 409F7DB4247B298D00BB3B19 /* SPLVLS12.TXT */; };
		409F7E3F247B299200BB3B19 /* SPLVLS12.TXT in Resources */ = {isa = PBXBuildFile; fileRef = 409F7DB4247B298D00BB3B19 /* SPLVLS12.TXT */; };
		409F7E40247B299200BB3B19 /* SPLVLS03.TXT in Resources */ = {isa = PBXBuildFile; fileRef = 409F7DB5247B298D00BB3B19 /* SPLVLS03.TXT */; };
		409F7E41247B299200BB3B19 /* SPLVLS03.TXT in Resources */ = {isa = PBXBuildFile; fileRef = 409F7DB5247B298D00BB3B19 /* SPLVLS03.TXT */; };
		409F7E42247B299200BB3B19 /* SPLVLS27.TXT in Resources */ = {isa = PBXBuildFile; fileRef = 409F7DB6247B298D00BB3B19 /* SPLVLS27.TXT */; };
		409F7E43247B299200BB3B19 /* SPLVLS27.TXT in Resources */ = {isa = PBXBuildFile; fileRef = 409F7DB6247B298D00BB3B19 /* SPLVLS27.TXT */; };
		409F7E44247B299200BB3B19 /* LEVELS.D27 in Resources */ = {isa = PBXBuildFile; fileRef = 409F7DB7247B298D00BB3B19 /* LEVELS.D27 */; };
		409F7E45247B299200BB3B19 /* LEVELS.D27 in Resources */ = {isa = PBXBuildFile; fileRef = 409F7DB7247B298D00BB3B19 /* LEVELS.D27 */; };
		409F7E46247B299200BB3B19 /* LEVELS.D01 in Resources */ = {isa = PBXBuildFile; fileRef = 409F7DB8247B298D00BB3B19 /* LEVELS.D01 */; };
		409F7E47247B299200BB3B19 /* LEVELS.D01 in Resources */ = {isa = PBXBuildFile; fileRef = 409F7DB8247B298D00BB3B19 /* LEVELS.D01 */; };
		409F7E48247B299200BB3B19 /* LEVEL.L08 in Resources */ = {isa = PBXBuildFile; fileRef = 409F7DB9247B298D00BB3B19 /* LEVEL.L08 */; };
		409F7E49247B299200BB3B19 /* LEVEL.L08 in Resources */ = {isa = PBXBuildFile; fileRef = 409F7DB9247B298D00BB3B19 /* LEVEL.L08 */; };
		409F7E4A247B299200BB3B19 /* SPLVLS95.TXT in Resources */ = {isa = PBXBuildFile; fileRef = 409F7DBA247B298E00BB3B19 /* SPLVLS95.TXT */; };
		409F7E4B247B299200BB3B19 /* SPLVLS95.TXT in Resources */ = {isa = PBXBuildFile; fileRef = 409F7DBA247B298E00BB3B19 /* SPLVLS95.TXT */; };
		409F7E4C247B299200BB3B19 /* SPLVLS97.TXT in Resources */ = {isa = PBXBuildFile; fileRef = 409F7DBB247B298E00BB3B19 /* SPLVLS97.TXT */; };
		409F7E4D247B299200BB3B19 /* SPLVLS97.TXT in Resources */ = {isa = PBXBuildFile; fileRef = 409F7DBB247B298E00BB3B19 /* SPLVLS97.TXT */; };
		409F7E4E247B299200BB3B19 /* LEVEL.L07 in Resources */ = {isa = PBXBuildFile; fileRef = 409F7DBC247B298E00BB3B19 /* LEVEL.L07 */; };
		409F7E4F247B299200BB3B19 /* LEVEL.L07 in Resources */ = {isa = PBXBuildFile; fileRef = 409F7DBC247B298E00BB3B19 /* LEVEL.L07 */; };
		409F7E50247B299200BB3B19 /* LEVEL.L96 in Resources */ = {isa = PBXBuildFile; fileRef = 409F7DBD247B298E00BB3B19 /* LEVEL.L96 */; };
		409F7E51247B299200BB3B19 /* LEVEL.L96 in Resources */ = {isa = PBXBuildFile; fileRef = 409F7DBD247B298E00BB3B19 /* LEVEL.L96 */; };
		409F7E52247B299200BB3B19 /* LEVELS.D09 in Resources */ = {isa = PBXBuildFile; fileRef = 409F7DBE247B298E00BB3B19 /* LEVELS.D09 */; };
		409F7E53247B299200BB3B19 /* LEVELS.D09 in Resources */ = {isa = PBXBuildFile; fileRef = 409F7DBE247B298E00BB3B19 /* LEVELS.D09 */; };
		409F7E54247B299200BB3B19 /* LEVEL.L93 in Resources */ = {isa = PBXBuildFile; fileRef = 409F7DBF247B298E00BB3B19 /* LEVEL.L93 */; };
		409F7E55247B299200BB3B19 /* LEVEL.L93 in Resources */ = {isa = PBXBuildFile; fileRef = 409F7DBF247B298E00BB3B19 /* LEVEL.L93 */; };
		409F7E56247B299200BB3B19 /* LEVELS.D04 in Resources */ = {isa = PBXBuildFile; fileRef = 409F7DC0247B298E00BB3B19 /* LEVELS.D04 */; };
		409F7E57247B299200BB3B19 /* LEVELS.D04 in Resources */ = {isa = PBXBuildFile; fileRef = 409F7DC0247B298E00BB3B19 /* LEVELS.D04 */; };
		409F7E58247B299200BB3B19 /* SPLVLS06.TXT in Resources */ = {isa = PBXBuildFile; fileRef = 409F7DC1247B298E00BB3B19 /* SPLVLS06.TXT */; };
		409F7E59247B299200BB3B19 /* SPLVLS06.TXT in Resources */ = {isa = PBXBuildFile; fileRef = 409F7DC1247B298E00BB3B19 /* SPLVLS06.TXT */; };
		409F7E5A247B299200BB3B19 /* LEVEL.L02 in Resources */ = {isa = PBXBuildFile; fileRef = 409F7DC2247B298E00BB3B19 /* LEVEL.L02 */; };
		409F7E5B247B299200BB3B19 /* LEVEL.L02 in Resources */ = {isa = PBXBuildFile; fileRef = 409F7DC2247B298E00BB3B19 /* LEVEL.L02 */; };
		409F7E5C247B299200BB3B19 /* MOVING.DAT in Resources */ = {isa = PBXBuildFile; fileRef = 409F7DC3247B298F00BB3B19 /* MOVING.DAT */; };
		409F7E5D247B299200BB3B19 /* MOVING.DAT in Resources */ = {isa = PBXBuildFile; fileRef = 409F7DC3247B298F00BB3B19 /* MOVING.DAT */; };
		409F7E5E247B299200BB3B19 /* LEVEL.L97 in Resources */ = {isa = PBXBuildFile; fileRef = 409F7DC4247B298F00BB3B19 /* LEVEL.L97 */; };
		409F7E5F247B299200BB3B19 /* LEVEL.L97 in Resources */ = {isa = PBXBuildFile; fileRef = 409F7DC4247B298F00BB3B19 /* LEVEL.L97 */; };
		409F7E60247B299200BB3B19 /* DEMO0.BIN in Resources */ = {isa = PBXBuildFile; fileRef = 409F7DC5247B298F00BB3B19 /* DEMO0.BIN */; };
		409F7E61247B299200BB3B19 /* DEMO0.BIN in Resources */ = {isa = PBXBuildFile; fileRef = 409F7DC5247B298F00BB3B19 /* DEMO0.BIN */; };
		409F7E62247B299200BB3B19 /* LEVELS.D10 in Resources */ = {isa = PBXBuildFile; fileRef = 409F7DC6247B298F00BB3B19 /* LEVELS.D10 */; };
		409F7E63247B299200BB3B19 /* LEVELS.D10 in Resources */ = {isa = PBXBuildFile; fileRef = 409F7DC6247B298F00BB3B19 /* LEVELS.D10 */; };
		409F7E64247B299200BB3B19 /* LEVELS.D92 in Resources */ = {isa = PBXBuildFile; fileRef = 409F7DC7247B298F00BB3B19 /* LEVELS.D92 */; };
		409F7E65247B299200BB3B19 /* LEVELS.D92 in Resources */ = {isa = PBXBuildFile; fileRef = 409F7DC7247B298F00BB3B19 /* LEVELS.D92 */; };
		409F7E66247B299200BB3B19 /* LEVELS.D06 in Resources */ = {isa = PBXBuildFile; fileRef = 409F7DC8247B298F00BB3B19 /* LEVELS.D06 */; };
		409F7E67247B299200BB3B19 /* LEVELS.D06 in Resources */ = {isa = PBXBuildFile; fileRef = 409F7DC8247B298F00BB3B19 /* LEVELS.D06 */; };
		409F7E68247B299200BB3B19 /* LEVEL.L01 in Resources */ = {isa = PBXBuildFile; fileRef = 409F7DC9247B298F00BB3B19 /* LEVEL.L01 */; };
		409F7E69247B299200BB3B19 /* LEVEL.L01 in Resources */ = {isa = PBXBuildFile; fileRef = 409F7DC9247B298F00BB3B19 /* LEVEL.L01 */; };
		409F7E6A247B299200BB3B19 /* LEVELS.D08 in Resources */ = {isa = PBXBuildFile; fileRef = 409F7DCA247B298F00BB3B19 /* LEVELS.D08 */; };
		409F7E6B247B299200BB3B19 /* LEVELS.D08 in Resources */ = {isa = PBXBuildFile; fileRef = 409F7DCA247B298F00BB3B19 /* LEVELS.D08 */; };
		409F7E6C247B299200BB3B19 /* LEVELS.D93 in Resources */ = {isa = PBXBuildFile; fileRef = 409F7DCB247B298F00BB3B19 /* LEVELS.D93 */; };
		409F7E6D247B299200BB3B19 /* LEVELS.D93 in Resources */ = {isa = PBXBuildFile; fileRef = 409F7DCB247B298F00BB3B19 /* LEVELS.D93 */; };
		409F7E6E247B299200BB3B19 /* TITLE.DAT in Resources */ = {isa = PBXBuildFile; fileRef = 409F7DCC247B299000BB3B19 /* TITLE.DAT */; };
		409F7E6F247B299200BB3B19 /* TITLE.DAT in Resources */ = {isa = PBXBuildFile; fileRef = 409F7DCC247B299000BB3B19 /* TITLE.DAT */; };
		409F7E70247B299200BB3B19 /* LEVELS.D95 in Resources */ = {isa = PBXBuildFile; fileRef = 409F7DCD247B299000BB3B19 /* LEVELS.D95 */; };
		409F7E71247B299200BB3B19 /* LEVELS.D95 in Resources */ = {isa = PBXBuildFile; fileRef = 409F7DCD247B299000BB3B19 /* LEVELS.D95 */; };
		409F7E72247B299200BB3B19 /* PANEL.DAT in Resources */ = {isa = PBXBuildFile; fileRef = 409F7DCE247B299000BB3B19 /* PANEL.DAT */; };
		409F7E73247B299200BB3B19 /* PANEL.DAT in Resources */ = {isa = PBXBuildFile; fileRef = 409F7DCE247B299000BB3B19 /* PANEL.DAT */; };
		409F7E74247B299200BB3B19 /* LEVELS.D97 in Resources */ = {isa = PBXBuildFile; fileRef = 409F7DCF247B299000BB3B19 /* LEVELS.D97 */; };
		409F7E75247B299200BB3B19 /* LEVELS.D97 in Resources */ = {isa = PBXBuildFile; fileRef = 409F7DCF247B299000BB3B19 /* LEVELS.D97 */; };
		409F7E76247B299200BB3B19 /* LEVEL.L10 in Resources */ = {isa = PBXBuildFile; fileRef = 409F7DD0247B299000BB3B19 /* LEVEL.L10 */; };
		409F7E77247B299200BB3B19 /* LEVEL.L10 in Resources */ = {isa = PBXBuildFile; fileRef = 409F7DD0247B299000BB3B19 /* LEVEL.L10 */; };
		409F7E78247B299200BB3B19 /* FIXED.DAT in Resources */ = {isa = PBXBuildFile; fileRef = 409F7DD1247B299000BB3B19 /* FIXED.DAT */; };
		409F7E79247B299200BB3B19 /* FIXED.DAT in Resources */ = {isa = PBXBuildFile; fileRef = 409F7DD1247B299000BB3B19 /* FIXED.DAT */; };
		409F7E7A247B299200BB3B19 /* SPLVLS08.TXT in Resources */ = {isa = PBXBuildFile; fileRef = 409F7DD2247B299000BB3B19 /* SPLVLS08.TXT */; };
		409F7E7B247B299200BB3B19 /* SPLVLS08.TXT in Resources */ = {isa = PBXBuildFile; fileRef = 409F7DD2247B299000BB3B19 /* SPLVLS08.TXT */; };
		409F7E7C247B299200BB3B19 /* CHARS8.DAT in Resources */ = {isa = PBXBuildFile; fileRef = 409F7DD3247B299000BB3B19 /* CHARS8.DAT */; };
		409F7E7D247B299200BB3B19 /* CHARS8.DAT in Resources */ = {isa = PBXBuildFile; fileRef = 409F7DD3247B299000BB3B19 /* CHARS8.DAT */; };
		409F7E7E247B299200BB3B19 /* LEVEL.L09 in Resources */ = {isa = PBXBuildFile; fileRef = 409F7DD4247B299100BB3B19 /* LEVEL.L09 */; };
		409F7E7F247B299200BB3B19 /* LEVEL.L09 in Resources */ = {isa = PBXBuildFile; fileRef = 409F7DD4247B299100BB3B19 /* LEVEL.L09 */; };
		409F7E80247B299200BB3B19 /* LEVEL.L94 in Resources */ = {isa = PBXBuildFile; fileRef = 409F7DD5247B299100BB3B19 /* LEVEL.L94 */; };
		409F7E81247B299200BB3B19 /* LEVEL.L94 in Resources */ = {isa = PBXBuildFile; fileRef = 409F7DD5247B299100BB3B19 /* LEVEL.L94 */; };
		409F7E82247B299200BB3B19 /* LEVEL.L12 in Resources */ = {isa = PBXBuildFile; fileRef = 409F7DD6247B299100BB3B19 /* LEVEL.L12 */; };
		409F7E83247B299200BB3B19 /* LEVEL.L12 in Resources */ = {isa = PBXBuildFile; fileRef = 409F7DD6247B299100BB3B19 /* LEVEL.L12 */; };
		409F7E84247B299200BB3B19 /* SPLVLS96.TXT in Resources */ = {isa = PBXBuildFile; fileRef = 409F7DD7247B299100BB3B19 /* SPLVLS96.TXT */; };
		409F7E85247B299200BB3B19 /* SPLVLS96.TXT in Resources */ = {isa = PBXBuildFile; fileRef = 409F7DD7247B299100BB3B19 /* SPLVLS96.TXT */; };
		409F7E86247B299200BB3B19 /* LEVEL.L11 in Resources */ = {isa = PBXBuildFile; fileRef = 409F7DD8247B299100BB3B19 /* LEVEL.L11 */; };
		409F7E87247B299200BB3B19 /* LEVEL.L11 in Resources */ = {isa = PBXBuildFile; fileRef = 409F7DD8247B299100BB3B19 /* LEVEL.L11 */; };
		409F7E88247B299200BB3B19 /* DEMO1.BIN in Resources */ = {isa = PBXBuildFile; fileRef = 409F7DD9247B299100BB3B19 /* DEMO1.BIN */; };
		409F7E89247B299200BB3B19 /* DEMO1.BIN in Resources */ = {isa = PBXBuildFile; fileRef = 409F7DD9247B299100BB3B19 /* DEMO1.BIN */; };
		409F7E8A247B299200BB3B19 /* LEVELS.D05 in Resources */ = {isa = PBXBuildFile; fileRef = 409F7DDA247B299100BB3B19 /* LEVELS.D05 */; };
		409F7E8B247B299200BB3B19 /* LEVELS.D05 in Resources */ = {isa = PBXBuildFile; fileRef = 409F7DDA247B299100BB3B19 /* LEVELS.D05 */; };
		409F7F2B247C74E300BB3B19 /* touchscreen.c in Sources */ = {isa = PBXBuildFile; fileRef = 409F7F24247C74E300BB3B19 /* touchscreen.c */; };
		409F7F2C247C74E300BB3B19 /* touchscreen.c in Sources */ = {isa = PBXBuildFile; fileRef = 409F7F24247C74E300BB3B19 /* touchscreen.c */; };
		409F7F2D247C74E300BB3B19 /* controller.c in Sources */ = {isa = PBXBuildFile; fileRef = 409F7F25247C74E300BB3B19 /* controller.c */; };
		409F7F2E247C74E300BB3B19 /* controller.c in Sources */ = {isa = PBXBuildFile; fileRef = 409F7F25247C74E300BB3B19 /* controller.c */; };
		409F7F2F247C74E300BB3B19 /* video.c in Sources */ = {isa = PBXBuildFile; fileRef = 409F7F26247C74E300BB3B19 /* video.c */; };
		409F7F30247C74E300BB3B19 /* video.c in Sources */ = {isa = PBXBuildFile; fileRef = 409F7F26247C74E300BB3B19 /* video.c */; };
		409F7F31247C74E300BB3B19 /* keyboard.c in Sources */ = {isa = PBXBuildFile; fileRef = 409F7F27247C74E300BB3B19 /* keyboard.c */; };
		409F7F32247C74E300BB3B19 /* keyboard.c in Sources */ = {isa = PBXBuildFile; fileRef = 409F7F27247C74E300BB3B19 /* keyboard.c */; };
		40E6995424787DAE000ADD53 /* savegame.c in Sources */ = {isa = PBXBuildFile; fileRef = 40E6995324787DAE000ADD53 /* savegame.c */; };
		40E6995524787DAE000ADD53 /* savegame.c in Sources */ = {isa = PBXBuildFile; fileRef = 40E6995324787DAE000ADD53 /* savegame.c */; };
		40EE92CE24A8B39E0004152D /* SDL2_mixer.framework in Frameworks */ = {isa = PBXBuildFile; fileRef = 40EE92CC24A8B39D0004152D /* SDL2_mixer.framework */; };
		40EE92CF24A8B39E0004152D /* SDL2.framework in Frameworks */ = {isa = PBXBuildFile; fileRef = 40EE92CD24A8B39E0004152D /* SDL2.framework */; };
		40EE92D124A8B3C40004152D /* SDL2_mixer.framework in CopyFiles */ = {isa = PBXBuildFile; fileRef = 40EE92CC24A8B39D0004152D /* SDL2_mixer.framework */; settings = {ATTRIBUTES = (RemoveHeadersOnCopy, ); }; };
		40EE92D224A8B3C40004152D /* SDL2.framework in CopyFiles */ = {isa = PBXBuildFile; fileRef = 40EE92CD24A8B39E0004152D /* SDL2.framework */; settings = {ATTRIBUTES = (RemoveHeadersOnCopy, ); }; };
		B8C916D529FD2E4200AC324C /* xmp_lite.framework in CopyFiles */ = {isa = PBXBuildFile; fileRef = B8C916D429FD2E4200AC324C /* xmp_lite.framework */; settings = {ATTRIBUTES = (CodeSignOnCopy, RemoveHeadersOnCopy, ); }; };
		B8C916D629FD2E4600AC324C /* xmp_lite.framework in Frameworks */ = {isa = PBXBuildFile; fileRef = B8C916D429FD2E4200AC324C /* xmp_lite.framework */; };
/* End PBXBuildFile section */

/* Begin PBXCopyFilesBuildPhase section */
		40EE92D024A8B3B80004152D /* CopyFiles */ = {
			isa = PBXCopyFilesBuildPhase;
			buildActionMask = 12;
			dstPath = "";
			dstSubfolderSpec = 10;
			files = (
				B8C916D529FD2E4200AC324C /* xmp_lite.framework in CopyFiles */,
				40EE92D124A8B3C40004152D /* SDL2_mixer.framework in CopyFiles */,
				40EE92D224A8B3C40004152D /* SDL2.framework in CopyFiles */,
			);
			runOnlyForDeploymentPostprocessing = 0;
		};
/* End PBXCopyFilesBuildPhase section */

/* Begin PBXFileReference section */
		4001459C245F7B5A00620211 /* touchscreen.h */ = {isa = PBXFileReference; lastKnownFileType = sourcecode.c.h; name = touchscreen.h; path = ../../../src/touchscreen.h; sourceTree = "<group>"; };
		4001459F245F7EBF00620211 /* logging.h */ = {isa = PBXFileReference; lastKnownFileType = sourcecode.c.h; name = logging.h; path = ../../../src/logging.h; sourceTree = "<group>"; };
		400145A2245FEDF200620211 /* virtualKeyboard.h */ = {isa = PBXFileReference; lastKnownFileType = sourcecode.c.h; name = virtualKeyboard.h; path = ../../../src/virtualKeyboard.h; sourceTree = "<group>"; };
		400145A62461A59D00620211 /* video.h */ = {isa = PBXFileReference; lastKnownFileType = sourcecode.c.h; name = video.h; path = ../../../src/video.h; sourceTree = "<group>"; };
		400145AA2462CE9F00620211 /* utils.h */ = {isa = PBXFileReference; lastKnownFileType = sourcecode.c.h; name = utils.h; path = ../../../src/utils.h; sourceTree = "<group>"; };
		400145AB2462CE9F00620211 /* utils.c */ = {isa = PBXFileReference; lastKnownFileType = sourcecode.c.c; name = utils.c; path = ../../../src/utils.c; sourceTree = "<group>"; };
		4037C2152487DCFA001B4029 /* virtualKeyboard.c */ = {isa = PBXFileReference; fileEncoding = 4; lastKnownFileType = sourcecode.c.c; path = virtualKeyboard.c; sourceTree = "<group>"; };
		403839C5247E5D7900C1B08B /* audio.c */ = {isa = PBXFileReference; fileEncoding = 4; lastKnownFileType = sourcecode.c.c; name = audio.c; path = audio.c; sourceTree = "<group>"; };
		403839C6247E5D7900C1B08B /* system.c */ = {isa = PBXFileReference; fileEncoding = 4; lastKnownFileType = sourcecode.c.c; name = system.c; path = system.c; sourceTree = "<group>"; };
		403839CB247E5DAE00C1B08B /* logging.c */ = {isa = PBXFileReference; fileEncoding = 4; lastKnownFileType = sourcecode.c.c; name = logging.c; path = ../../../src/logging.c; sourceTree = "<group>"; };
		404824402485BA1200D13735 /* audio */ = {isa = PBXFileReference; lastKnownFileType = folder; name = audio; path = ../../resources/audio; sourceTree = "<group>"; };
		404879BF246B51E600B776FA /* input.h */ = {isa = PBXFileReference; lastKnownFileType = sourcecode.c.h; name = input.h; path = ../../../src/input.h; sourceTree = "<group>"; };
		404879C0246B51E600B776FA /* input.c */ = {isa = PBXFileReference; lastKnownFileType = sourcecode.c.c; name = input.c; path = ../../../src/input.c; sourceTree = "<group>"; };
		404879C2246B5FF500B776FA /* conditionals.h */ = {isa = PBXFileReference; lastKnownFileType = sourcecode.c.h; name = conditionals.h; path = ../../../src/conditionals.h; sourceTree = "<group>"; };
		404879C3246B609900B776FA /* conditionals.c */ = {isa = PBXFileReference; fileEncoding = 4; lastKnownFileType = sourcecode.c.c; name = conditionals.c; path = ../../../src/conditionals.c; sourceTree = "<group>"; };
		404879E5246C3FDC00B776FA /* macOS-Info.plist */ = {isa = PBXFileReference; lastKnownFileType = text.plist.xml; path = "macOS-Info.plist"; sourceTree = "<group>"; };
		404879EA246C402900B776FA /* OpenSupaplex.app */ = {isa = PBXFileReference; explicitFileType = wrapper.application; includeInIndex = 0; path = OpenSupaplex.app; sourceTree = BUILT_PRODUCTS_DIR; };
		404879EF246C402B00B776FA /* Assets.xcassets */ = {isa = PBXFileReference; lastKnownFileType = folder.assetcatalog; path = Assets.xcassets; sourceTree = "<group>"; };
		40487A82246CB32400B776FA /* file.m */ = {isa = PBXFileReference; fileEncoding = 4; lastKnownFileType = sourcecode.c.objc; name = file.m; path = ../../../src/apple/file.m; sourceTree = "<group>"; };
		40487ABE246CB6DC00B776FA /* OpenSupaplex.entitlements */ = {isa = PBXFileReference; lastKnownFileType = text.plist.entitlements; name = OpenSupaplex.entitlements; path = OpenSupaplex/OpenSupaplex.entitlements; sourceTree = "<group>"; };
		40517B132473EC57004E2435 /* graphics.h */ = {isa = PBXFileReference; lastKnownFileType = sourcecode.c.h; name = graphics.h; path = ../../../src/graphics.h; sourceTree = "<group>"; };
		40517B142473EC57004E2435 /* graphics.c */ = {isa = PBXFileReference; lastKnownFileType = sourcecode.c.c; name = graphics.c; path = ../../../src/graphics.c; sourceTree = "<group>"; };
		4056430B246F49CE0042F34B /* commandLineParser.h */ = {isa = PBXFileReference; lastKnownFileType = sourcecode.c.h; name = commandLineParser.h; path = ../../../src/commandLineParser.h; sourceTree = "<group>"; };
		4056430C246F49CE0042F34B /* commandLineParser.c */ = {isa = PBXFileReference; lastKnownFileType = sourcecode.c.c; name = commandLineParser.c; path = ../../../src/commandLineParser.c; sourceTree = "<group>"; };
		4056430E246F4A9A0042F34B /* globals.h */ = {isa = PBXFileReference; lastKnownFileType = sourcecode.c.h; name = globals.h; path = ../../../src/globals.h; sourceTree = "<group>"; };
		4056430F246F4A9A0042F34B /* globals.c */ = {isa = PBXFileReference; lastKnownFileType = sourcecode.c.c; name = globals.c; path = ../../../src/globals.c; sourceTree = "<group>"; };
		40564311246F5DB60042F34B /* demo.h */ = {isa = PBXFileReference; lastKnownFileType = sourcecode.c.h; name = demo.h; path = ../../../src/demo.h; sourceTree = "<group>"; };
		40564312246F5DB60042F34B /* demo.c */ = {isa = PBXFileReference; lastKnownFileType = sourcecode.c.c; name = demo.c; path = ../../../src/demo.c; sourceTree = "<group>"; };
		4056434A247032640042F34B /* OpenSupaplex-sandboxed.app */ = {isa = PBXFileReference; explicitFileType = wrapper.application; includeInIndex = 0; path = "OpenSupaplex-sandboxed.app"; sourceTree = BUILT_PRODUCTS_DIR; };
		4056434B247032640042F34B /* macOS-sandboxed-Info.plist */ = {isa = PBXFileReference; lastKnownFileType = text.plist.xml; name = "macOS-sandboxed-Info.plist"; path = "/Users/spadrino/Development/open-supaplex/macos/OpenSupaplex/macOS-sandboxed-Info.plist"; sourceTree = "<absolute>"; };
		4062C245244CE5D5007A07F5 /* controller.h */ = {isa = PBXFileReference; fileEncoding = 4; lastKnownFileType = sourcecode.c.h; name = controller.h; path = ../../../src/controller.h; sourceTree = "<group>"; };
		4062C246244CE5D5007A07F5 /* supaplex.c */ = {isa = PBXFileReference; fileEncoding = 4; lastKnownFileType = sourcecode.c.c; name = supaplex.c; path = ../../../src/supaplex.c; sourceTree = "<group>"; };
		4062C24A244F00CA007A07F5 /* file.h */ = {isa = PBXFileReference; lastKnownFileType = sourcecode.c.h; name = file.h; path = ../../../src/file.h; sourceTree = "<group>"; };
		409F7B612479CD4C00BB3B19 /* system.h */ = {isa = PBXFileReference; lastKnownFileType = sourcecode.c.h; name = system.h; path = ../../../src/system.h; sourceTree = "<group>"; };
		409F7B652479D45200BB3B19 /* buttonBorders.h */ = {isa = PBXFileReference; lastKnownFileType = sourcecode.c.h; name = buttonBorders.h; path = ../../../src/buttonBorders.h; sourceTree = "<group>"; };
		409F7B662479D45200BB3B19 /* buttonBorders.c */ = {isa = PBXFileReference; lastKnownFileType = sourcecode.c.c; name = buttonBorders.c; path = ../../../src/buttonBorders.c; sourceTree = "<group>"; };
		409F7B692479D56D00BB3B19 /* animations.h */ = {isa = PBXFileReference; lastKnownFileType = sourcecode.c.h; name = animations.h; path = ../../../src/animations.h; sourceTree = "<group>"; };
		409F7B6A2479D56D00BB3B19 /* animations.c */ = {isa = PBXFileReference; lastKnownFileType = sourcecode.c.c; name = animations.c; path = ../../../src/animations.c; sourceTree = "<group>"; };
		409F7D83247B298900BB3B19 /* LEVEL.L04 */ = {isa = PBXFileReference; fileEncoding = 4; lastKnownFileType = text; name = LEVEL.L04; path = ../../resources/LEVEL.L04; sourceTree = "<group>"; };
		409F7D84247B298900BB3B19 /* myspsig.txt */ = {isa = PBXFileReference; fileEncoding = 4; lastKnownFileType = text; name = myspsig.txt; path = ../../resources/myspsig.txt; sourceTree = "<group>"; };
		409F7D85247B298900BB3B19 /* LEVELS.D02 */ = {isa = PBXFileReference; lastKnownFileType = file; name = LEVELS.D02; path = ../../resources/LEVELS.D02; sourceTree = "<group>"; };
		409F7D86247B298900BB3B19 /* SPFIX63.DOC */ = {isa = PBXFileReference; fileEncoding = 4; lastKnownFileType = text; name = SPFIX63.DOC; path = ../../resources/SPFIX63.DOC; sourceTree = "<group>"; };
		409F7D87247B298900BB3B19 /* LEVELS.D96 */ = {isa = PBXFileReference; lastKnownFileType = file; name = LEVELS.D96; path = ../../resources/LEVELS.D96; sourceTree = "<group>"; };
		409F7D88247B298900BB3B19 /* SPLVLS11.TXT */ = {isa = PBXFileReference; fileEncoding = 4; lastKnownFileType = text; name = SPLVLS11.TXT; path = ../../resources/SPLVLS11.TXT; sourceTree = "<group>"; };
		409F7D89247B298900BB3B19 /* LEVELS.D07 */ = {isa = PBXFileReference; lastKnownFileType = file; name = LEVELS.D07; path = ../../resources/LEVELS.D07; sourceTree = "<group>"; };
		409F7D8A247B298900BB3B19 /* DEMO3.BIN */ = {isa = PBXFileReference; lastKnownFileType = archive.macbinary; name = DEMO3.BIN; path = ../../resources/DEMO3.BIN; sourceTree = "<group>"; };
		409F7D8B247B298900BB3B19 /* DEMO6.BIN */ = {isa = PBXFileReference; lastKnownFileType = archive.macbinary; name = DEMO6.BIN; path = ../../resources/DEMO6.BIN; sourceTree = "<group>"; };
		409F7D8C247B298900BB3B19 /* SPLVLS93.TXT */ = {isa = PBXFileReference; fileEncoding = 4; lastKnownFileType = text; name = SPLVLS93.TXT; path = ../../resources/SPLVLS93.TXT; sourceTree = "<group>"; };
		409F7D8D247B298900BB3B19 /* SPLVLS04.TXT */ = {isa = PBXFileReference; fileEncoding = 4; lastKnownFileType = text; name = SPLVLS04.TXT; path = ../../resources/SPLVLS04.TXT; sourceTree = "<group>"; };
		409F7D8E247B298900BB3B19 /* README.TXT */ = {isa = PBXFileReference; fileEncoding = 4; lastKnownFileType = text; name = README.TXT; path = ../../resources/README.TXT; sourceTree = "<group>"; };
		409F7D8F247B298900BB3B19 /* LEVEL.L27 */ = {isa = PBXFileReference; fileEncoding = 4; lastKnownFileType = text; name = LEVEL.L27; path = ../../resources/LEVEL.L27; sourceTree = "<group>"; };
		409F7D90247B298900BB3B19 /* LEVEL.L98 */ = {isa = PBXFileReference; fileEncoding = 4; lastKnownFileType = text; name = LEVEL.L98; path = ../../resources/LEVEL.L98; sourceTree = "<group>"; };
		409F7D91247B298A00BB3B19 /* LEVELS.D12 */ = {isa = PBXFileReference; lastKnownFileType = file; name = LEVELS.D12; path = ../../resources/LEVELS.D12; sourceTree = "<group>"; };
		409F7D92247B298A00BB3B19 /* LEVEL.L03 */ = {isa = PBXFileReference; fileEncoding = 4; lastKnownFileType = text; name = LEVEL.L03; path = ../../resources/LEVEL.L03; sourceTree = "<group>"; };
		409F7D93247B298A00BB3B19 /* DEMO7.BIN */ = {isa = PBXFileReference; lastKnownFileType = archive.macbinary; name = DEMO7.BIN; path = ../../resources/DEMO7.BIN; sourceTree = "<group>"; };
		409F7D94247B298A00BB3B19 /* SPLVLS02.TXT */ = {isa = PBXFileReference; fileEncoding = 4; lastKnownFileType = text; name = SPLVLS02.TXT; path = ../../resources/SPLVLS02.TXT; sourceTree = "<group>"; };
		409F7D95247B298A00BB3B19 /* SPLVLS94.TXT */ = {isa = PBXFileReference; fileEncoding = 4; lastKnownFileType = text; name = SPLVLS94.TXT; path = ../../resources/SPLVLS94.TXT; sourceTree = "<group>"; };
		409F7D96247B298A00BB3B19 /* SPLVLS01.TXT */ = {isa = PBXFileReference; fileEncoding = 4; lastKnownFileType = text; name = SPLVLS01.TXT; path = ../../resources/SPLVLS01.TXT; sourceTree = "<group>"; };
		409F7D97247B298A00BB3B19 /* DEMO9.BIN */ = {isa = PBXFileReference; lastKnownFileType = archive.macbinary; name = DEMO9.BIN; path = ../../resources/DEMO9.BIN; sourceTree = "<group>"; };
		409F7D98247B298A00BB3B19 /* LEVEL.L95 */ = {isa = PBXFileReference; fileEncoding = 4; lastKnownFileType = text; name = LEVEL.L95; path = ../../resources/LEVEL.L95; sourceTree = "<group>"; };
		409F7D99247B298A00BB3B19 /* DEMO2.BIN */ = {isa = PBXFileReference; lastKnownFileType = archive.macbinary; name = DEMO2.BIN; path = ../../resources/DEMO2.BIN; sourceTree = "<group>"; };
		409F7D9A247B298A00BB3B19 /* SPLVLS07.TXT */ = {isa = PBXFileReference; fileEncoding = 4; lastKnownFileType = text; name = SPLVLS07.TXT; path = ../../resources/SPLVLS07.TXT; sourceTree = "<group>"; };
		409F7D9B247B298A00BB3B19 /* LEVEL.L06 */ = {isa = PBXFileReference; fileEncoding = 4; lastKnownFileType = text; name = LEVEL.L06; path = ../../resources/LEVEL.L06; sourceTree = "<group>"; };
		409F7D9C247B298A00BB3B19 /* CONTROLS.DAT */ = {isa = PBXFileReference; lastKnownFileType = file; name = CONTROLS.DAT; path = ../../resources/CONTROLS.DAT; sourceTree = "<group>"; };
		409F7D9D247B298A00BB3B19 /* PALETTES.DAT */ = {isa = PBXFileReference; lastKnownFileType = file; name = PALETTES.DAT; path = ../../resources/PALETTES.DAT; sourceTree = "<group>"; };
		409F7D9E247B298B00BB3B19 /* SPLVLS10.TXT */ = {isa = PBXFileReference; fileEncoding = 4; lastKnownFileType = text; name = SPLVLS10.TXT; path = ../../resources/SPLVLS10.TXT; sourceTree = "<group>"; };
		409F7D9F247B298B00BB3B19 /* SPLVLS98.TXT */ = {isa = PBXFileReference; fileEncoding = 4; lastKnownFileType = text; name = SPLVLS98.TXT; path = ../../resources/SPLVLS98.TXT; sourceTree = "<group>"; };
		409F7DA0247B298B00BB3B19 /* LEVEL.L92 */ = {isa = PBXFileReference; fileEncoding = 4; lastKnownFileType = text; name = LEVEL.L92; path = ../../resources/LEVEL.L92; sourceTree = "<group>"; };
		409F7DA1247B298B00BB3B19 /* CHARS6.DAT */ = {isa = PBXFileReference; lastKnownFileType = file; name = CHARS6.DAT; path = ../../resources/CHARS6.DAT; sourceTree = "<group>"; };
		409F7DA2247B298B00BB3B19 /* SPLVLS05.TXT */ = {isa = PBXFileReference; fileEncoding = 4; lastKnownFileType = text; name = SPLVLS05.TXT; path = ../../resources/SPLVLS05.TXT; sourceTree = "<group>"; };
		409F7DA3247B298B00BB3B19 /* DEMO4.BIN */ = {isa = PBXFileReference; lastKnownFileType = archive.macbinary; name = DEMO4.BIN; path = ../../resources/DEMO4.BIN; sourceTree = "<group>"; };
		409F7DA4247B298B00BB3B19 /* LEVELS.D03 */ = {isa = PBXFileReference; lastKnownFileType = file; name = LEVELS.D03; path = ../../resources/LEVELS.D03; sourceTree = "<group>"; };
		409F7DA5247B298B00BB3B19 /* LEVEL.L05 */ = {isa = PBXFileReference; fileEncoding = 4; lastKnownFileType = text; name = LEVEL.L05; path = ../../resources/LEVEL.L05; sourceTree = "<group>"; };
		409F7DA6247B298B00BB3B19 /* MENU.DAT */ = {isa = PBXFileReference; lastKnownFileType = file; name = MENU.DAT; path = ../../resources/MENU.DAT; sourceTree = "<group>"; };
		409F7DA7247B298B00BB3B19 /* SPLVLS09.TXT */ = {isa = PBXFileReference; fileEncoding = 4; lastKnownFileType = text; name = SPLVLS09.TXT; path = ../../resources/SPLVLS09.TXT; sourceTree = "<group>"; };
		409F7DA8247B298C00BB3B19 /* TITLE2.DAT */ = {isa = PBXFileReference; lastKnownFileType = file; name = TITLE2.DAT; path = ../../resources/TITLE2.DAT; sourceTree = "<group>"; };
		409F7DA9247B298C00BB3B19 /* SPLVLS92.TXT */ = {isa = PBXFileReference; fileEncoding = 4; lastKnownFileType = text; name = SPLVLS92.TXT; path = ../../resources/SPLVLS92.TXT; sourceTree = "<group>"; };
		409F7DAA247B298C00BB3B19 /* LEVELS.D98 */ = {isa = PBXFileReference; lastKnownFileType = file; name = LEVELS.D98; path = ../../resources/LEVELS.D98; sourceTree = "<group>"; };
		409F7DAB247B298C00BB3B19 /* LEVELS.DAT */ = {isa = PBXFileReference; lastKnownFileType = file; name = LEVELS.DAT; path = ../../resources/LEVELS.DAT; sourceTree = "<group>"; };
		409F7DAC247B298C00BB3B19 /* LEVELS.D11 */ = {isa = PBXFileReference; lastKnownFileType = file; name = LEVELS.D11; path = ../../resources/LEVELS.D11; sourceTree = "<group>"; };
		409F7DAD247B298C00BB3B19 /* TITLE1.DAT */ = {isa = PBXFileReference; lastKnownFileType = file; name = TITLE1.DAT; path = ../../resources/TITLE1.DAT; sourceTree = "<group>"; };
		409F7DAE247B298C00BB3B19 /* LEVELS.D94 */ = {isa = PBXFileReference; lastKnownFileType = file; name = LEVELS.D94; path = ../../resources/LEVELS.D94; sourceTree = "<group>"; };
		409F7DAF247B298C00BB3B19 /* DEMO5.BIN */ = {isa = PBXFileReference; lastKnownFileType = archive.macbinary; name = DEMO5.BIN; path = ../../resources/DEMO5.BIN; sourceTree = "<group>"; };
		409F7DB0247B298C00BB3B19 /* BACK.DAT */ = {isa = PBXFileReference; lastKnownFileType = file; name = BACK.DAT; path = ../../resources/BACK.DAT; sourceTree = "<group>"; };
		409F7DB1247B298C00BB3B19 /* LEVEL.LST */ = {isa = PBXFileReference; fileEncoding = 4; lastKnownFileType = text; name = LEVEL.LST; path = ../../resources/LEVEL.LST; sourceTree = "<group>"; };
		409F7DB2247B298D00BB3B19 /* DEMO8.BIN */ = {isa = PBXFileReference; lastKnownFileType = archive.macbinary; name = DEMO8.BIN; path = ../../resources/DEMO8.BIN; sourceTree = "<group>"; };
		409F7DB3247B298D00BB3B19 /* GFX.DAT */ = {isa = PBXFileReference; lastKnownFileType = file; name = GFX.DAT; path = ../../resources/GFX.DAT; sourceTree = "<group>"; };
		409F7DB4247B298D00BB3B19 /* SPLVLS12.TXT */ = {isa = PBXFileReference; fileEncoding = 4; lastKnownFileType = text; name = SPLVLS12.TXT; path = ../../resources/SPLVLS12.TXT; sourceTree = "<group>"; };
		409F7DB5247B298D00BB3B19 /* SPLVLS03.TXT */ = {isa = PBXFileReference; fileEncoding = 4; lastKnownFileType = text; name = SPLVLS03.TXT; path = ../../resources/SPLVLS03.TXT; sourceTree = "<group>"; };
		409F7DB6247B298D00BB3B19 /* SPLVLS27.TXT */ = {isa = PBXFileReference; fileEncoding = 4; lastKnownFileType = text; name = SPLVLS27.TXT; path = ../../resources/SPLVLS27.TXT; sourceTree = "<group>"; };
		409F7DB7247B298D00BB3B19 /* LEVELS.D27 */ = {isa = PBXFileReference; lastKnownFileType = file; name = LEVELS.D27; path = ../../resources/LEVELS.D27; sourceTree = "<group>"; };
		409F7DB8247B298D00BB3B19 /* LEVELS.D01 */ = {isa = PBXFileReference; lastKnownFileType = file; name = LEVELS.D01; path = ../../resources/LEVELS.D01; sourceTree = "<group>"; };
		409F7DB9247B298D00BB3B19 /* LEVEL.L08 */ = {isa = PBXFileReference; fileEncoding = 4; lastKnownFileType = text; name = LEVEL.L08; path = ../../resources/LEVEL.L08; sourceTree = "<group>"; };
		409F7DBA247B298E00BB3B19 /* SPLVLS95.TXT */ = {isa = PBXFileReference; fileEncoding = 4; lastKnownFileType = text; name = SPLVLS95.TXT; path = ../../resources/SPLVLS95.TXT; sourceTree = "<group>"; };
		409F7DBB247B298E00BB3B19 /* SPLVLS97.TXT */ = {isa = PBXFileReference; fileEncoding = 4; lastKnownFileType = text; name = SPLVLS97.TXT; path = ../../resources/SPLVLS97.TXT; sourceTree = "<group>"; };
		409F7DBC247B298E00BB3B19 /* LEVEL.L07 */ = {isa = PBXFileReference; fileEncoding = 4; lastKnownFileType = text; name = LEVEL.L07; path = ../../resources/LEVEL.L07; sourceTree = "<group>"; };
		409F7DBD247B298E00BB3B19 /* LEVEL.L96 */ = {isa = PBXFileReference; fileEncoding = 4; lastKnownFileType = text; name = LEVEL.L96; path = ../../resources/LEVEL.L96; sourceTree = "<group>"; };
		409F7DBE247B298E00BB3B19 /* LEVELS.D09 */ = {isa = PBXFileReference; lastKnownFileType = file; name = LEVELS.D09; path = ../../resources/LEVELS.D09; sourceTree = "<group>"; };
		409F7DBF247B298E00BB3B19 /* LEVEL.L93 */ = {isa = PBXFileReference; fileEncoding = 4; lastKnownFileType = text; name = LEVEL.L93; path = ../../resources/LEVEL.L93; sourceTree = "<group>"; };
		409F7DC0247B298E00BB3B19 /* LEVELS.D04 */ = {isa = PBXFileReference; lastKnownFileType = file; name = LEVELS.D04; path = ../../resources/LEVELS.D04; sourceTree = "<group>"; };
		409F7DC1247B298E00BB3B19 /* SPLVLS06.TXT */ = {isa = PBXFileReference; fileEncoding = 4; lastKnownFileType = text; name = SPLVLS06.TXT; path = ../../resources/SPLVLS06.TXT; sourceTree = "<group>"; };
		409F7DC2247B298E00BB3B19 /* LEVEL.L02 */ = {isa = PBXFileReference; fileEncoding = 4; lastKnownFileType = text; name = LEVEL.L02; path = ../../resources/LEVEL.L02; sourceTree = "<group>"; };
		409F7DC3247B298F00BB3B19 /* MOVING.DAT */ = {isa = PBXFileReference; lastKnownFileType = file; name = MOVING.DAT; path = ../../resources/MOVING.DAT; sourceTree = "<group>"; };
		409F7DC4247B298F00BB3B19 /* LEVEL.L97 */ = {isa = PBXFileReference; fileEncoding = 4; lastKnownFileType = text; name = LEVEL.L97; path = ../../resources/LEVEL.L97; sourceTree = "<group>"; };
		409F7DC5247B298F00BB3B19 /* DEMO0.BIN */ = {isa = PBXFileReference; lastKnownFileType = archive.macbinary; name = DEMO0.BIN; path = ../../resources/DEMO0.BIN; sourceTree = "<group>"; };
		409F7DC6247B298F00BB3B19 /* LEVELS.D10 */ = {isa = PBXFileReference; lastKnownFileType = file; name = LEVELS.D10; path = ../../resources/LEVELS.D10; sourceTree = "<group>"; };
		409F7DC7247B298F00BB3B19 /* LEVELS.D92 */ = {isa = PBXFileReference; lastKnownFileType = file; name = LEVELS.D92; path = ../../resources/LEVELS.D92; sourceTree = "<group>"; };
		409F7DC8247B298F00BB3B19 /* LEVELS.D06 */ = {isa = PBXFileReference; lastKnownFileType = file; name = LEVELS.D06; path = ../../resources/LEVELS.D06; sourceTree = "<group>"; };
		409F7DC9247B298F00BB3B19 /* LEVEL.L01 */ = {isa = PBXFileReference; fileEncoding = 4; lastKnownFileType = text; name = LEVEL.L01; path = ../../resources/LEVEL.L01; sourceTree = "<group>"; };
		409F7DCA247B298F00BB3B19 /* LEVELS.D08 */ = {isa = PBXFileReference; lastKnownFileType = file; name = LEVELS.D08; path = ../../resources/LEVELS.D08; sourceTree = "<group>"; };
		409F7DCB247B298F00BB3B19 /* LEVELS.D93 */ = {isa = PBXFileReference; lastKnownFileType = file; name = LEVELS.D93; path = ../../resources/LEVELS.D93; sourceTree = "<group>"; };
		409F7DCC247B299000BB3B19 /* TITLE.DAT */ = {isa = PBXFileReference; lastKnownFileType = file; name = TITLE.DAT; path = ../../resources/TITLE.DAT; sourceTree = "<group>"; };
		409F7DCD247B299000BB3B19 /* LEVELS.D95 */ = {isa = PBXFileReference; lastKnownFileType = file; name = LEVELS.D95; path = ../../resources/LEVELS.D95; sourceTree = "<group>"; };
		409F7DCE247B299000BB3B19 /* PANEL.DAT */ = {isa = PBXFileReference; lastKnownFileType = file; name = PANEL.DAT; path = ../../resources/PANEL.DAT; sourceTree = "<group>"; };
		409F7DCF247B299000BB3B19 /* LEVELS.D97 */ = {isa = PBXFileReference; lastKnownFileType = file; name = LEVELS.D97; path = ../../resources/LEVELS.D97; sourceTree = "<group>"; };
		409F7DD0247B299000BB3B19 /* LEVEL.L10 */ = {isa = PBXFileReference; fileEncoding = 4; lastKnownFileType = text; name = LEVEL.L10; path = ../../resources/LEVEL.L10; sourceTree = "<group>"; };
		409F7DD1247B299000BB3B19 /* FIXED.DAT */ = {isa = PBXFileReference; lastKnownFileType = file; name = FIXED.DAT; path = ../../resources/FIXED.DAT; sourceTree = "<group>"; };
		409F7DD2247B299000BB3B19 /* SPLVLS08.TXT */ = {isa = PBXFileReference; fileEncoding = 4; lastKnownFileType = text; name = SPLVLS08.TXT; path = ../../resources/SPLVLS08.TXT; sourceTree = "<group>"; };
		409F7DD3247B299000BB3B19 /* CHARS8.DAT */ = {isa = PBXFileReference; lastKnownFileType = file; name = CHARS8.DAT; path = ../../resources/CHARS8.DAT; sourceTree = "<group>"; };
		409F7DD4247B299100BB3B19 /* LEVEL.L09 */ = {isa = PBXFileReference; fileEncoding = 4; lastKnownFileType = text; name = LEVEL.L09; path = ../../resources/LEVEL.L09; sourceTree = "<group>"; };
		409F7DD5247B299100BB3B19 /* LEVEL.L94 */ = {isa = PBXFileReference; fileEncoding = 4; lastKnownFileType = text; name = LEVEL.L94; path = ../../resources/LEVEL.L94; sourceTree = "<group>"; };
		409F7DD6247B299100BB3B19 /* LEVEL.L12 */ = {isa = PBXFileReference; fileEncoding = 4; lastKnownFileType = text; name = LEVEL.L12; path = ../../resources/LEVEL.L12; sourceTree = "<group>"; };
		409F7DD7247B299100BB3B19 /* SPLVLS96.TXT */ = {isa = PBXFileReference; fileEncoding = 4; lastKnownFileType = text; name = SPLVLS96.TXT; path = ../../resources/SPLVLS96.TXT; sourceTree = "<group>"; };
		409F7DD8247B299100BB3B19 /* LEVEL.L11 */ = {isa = PBXFileReference; fileEncoding = 4; lastKnownFileType = text; name = LEVEL.L11; path = ../../resources/LEVEL.L11; sourceTree = "<group>"; };
		409F7DD9247B299100BB3B19 /* DEMO1.BIN */ = {isa = PBXFileReference; lastKnownFileType = archive.macbinary; name = DEMO1.BIN; path = ../../resources/DEMO1.BIN; sourceTree = "<group>"; };
		409F7DDA247B299100BB3B19 /* LEVELS.D05 */ = {isa = PBXFileReference; lastKnownFileType = file; name = LEVELS.D05; path = ../../resources/LEVELS.D05; sourceTree = "<group>"; };
		409F7F07247B35AE00BB3B19 /* keyboard.h */ = {isa = PBXFileReference; lastKnownFileType = sourcecode.c.h; name = keyboard.h; path = ../../../src/keyboard.h; sourceTree = "<group>"; };
		409F7F24247C74E300BB3B19 /* touchscreen.c */ = {isa = PBXFileReference; fileEncoding = 4; lastKnownFileType = sourcecode.c.c; name = touchscreen.c; path = touchscreen.c; sourceTree = "<group>"; };
		409F7F25247C74E300BB3B19 /* controller.c */ = {isa = PBXFileReference; fileEncoding = 4; lastKnownFileType = sourcecode.c.c; name = controller.c; path = controller.c; sourceTree = "<group>"; };
		409F7F26247C74E300BB3B19 /* video.c */ = {isa = PBXFileReference; fileEncoding = 4; lastKnownFileType = sourcecode.c.c; name = video.c; path = video.c; sourceTree = "<group>"; };
		409F7F27247C74E300BB3B19 /* keyboard.c */ = {isa = PBXFileReference; fileEncoding = 4; lastKnownFileType = sourcecode.c.c; name = keyboard.c; path = keyboard.c; sourceTree = "<group>"; };
		40C8290C24673197003A103E /* audio.h */ = {isa = PBXFileReference; lastKnownFileType = sourcecode.c.h; name = audio.h; path = ../../../src/audio.h; sourceTree = "<group>"; };
		40DA3CF62468717400D4A308 /* menu.h */ = {isa = PBXFileReference; lastKnownFileType = sourcecode.c.h; name = menu.h; path = ../../../src/menu.h; sourceTree = "<group>"; };
		40DA3CF72468717400D4A308 /* menu.c */ = {isa = PBXFileReference; lastKnownFileType = sourcecode.c.c; name = menu.c; path = ../../../src/menu.c; sourceTree = "<group>"; };
		40DA3CFB2468BEF900D4A308 /* ini.c */ = {isa = PBXFileReference; fileEncoding = 4; lastKnownFileType = sourcecode.c.c; path = ini.c; sourceTree = "<group>"; };
		40DA3CFE2468BEF900D4A308 /* ini.h */ = {isa = PBXFileReference; fileEncoding = 4; lastKnownFileType = sourcecode.c.h; path = ini.h; sourceTree = "<group>"; };
		40DA3D012469C03000D4A308 /* config.h */ = {isa = PBXFileReference; lastKnownFileType = sourcecode.c.h; name = config.h; path = ../../../src/config.h; sourceTree = "<group>"; };
		40DA3D022469C03000D4A308 /* config.c */ = {isa = PBXFileReference; lastKnownFileType = sourcecode.c.c; name = config.c; path = ../../../src/config.c; sourceTree = "<group>"; };
		40E6995224787DAE000ADD53 /* savegame.h */ = {isa = PBXFileReference; lastKnownFileType = sourcecode.c.h; name = savegame.h; path = ../../../src/savegame.h; sourceTree = "<group>"; };
		40E6995324787DAE000ADD53 /* savegame.c */ = {isa = PBXFileReference; lastKnownFileType = sourcecode.c.c; name = savegame.c; path = ../../../src/savegame.c; sourceTree = "<group>"; };
		40EE92CC24A8B39D0004152D /* SDL2_mixer.framework */ = {isa = PBXFileReference; lastKnownFileType = wrapper.framework; name = SDL2_mixer.framework; path = Frameworks/SDL2_mixer.framework; sourceTree = "<group>"; };
		40EE92CD24A8B39E0004152D /* SDL2.framework */ = {isa = PBXFileReference; lastKnownFileType = wrapper.framework; name = SDL2.framework; path = Frameworks/SDL2.framework; sourceTree = "<group>"; };
		B8C916D429FD2E4200AC324C /* xmp_lite.framework */ = {isa = PBXFileReference; lastKnownFileType = wrapper.framework; name = xmp_lite.framework; path = Frameworks/xmp_lite.framework; sourceTree = "<group>"; };
/* End PBXFileReference section */

/* Begin PBXFrameworksBuildPhase section */
		404879E7246C402900B776FA /* Frameworks */ = {
			isa = PBXFrameworksBuildPhase;
			buildActionMask = 2147483647;
			files = (
				B8C916D629FD2E4600AC324C /* xmp_lite.framework in Frameworks */,
				40EE92CE24A8B39E0004152D /* SDL2_mixer.framework in Frameworks */,
				40EE92CF24A8B39E0004152D /* SDL2.framework in Frameworks */,
			);
			runOnlyForDeploymentPostprocessing = 0;
		};
		40564327247032640042F34B /* Frameworks */ = {
			isa = PBXFrameworksBuildPhase;
			buildActionMask = 2147483647;
			files = (
			);
			runOnlyForDeploymentPostprocessing = 0;
		};
/* End PBXFrameworksBuildPhase section */

/* Begin PBXGroup section */
		4037C2102487DCFA001B4029 /* null */ = {
			isa = PBXGroup;
			children = (
				4037C2152487DCFA001B4029 /* virtualKeyboard.c */,
			);
			name = null;
			path = ../../../src/null;
			sourceTree = "<group>";
		};
		403839C4247E5D6B00C1B08B /* sdl_common */ = {
			isa = PBXGroup;
			children = (
				403839C5247E5D7900C1B08B /* audio.c */,
				403839C6247E5D7900C1B08B /* system.c */,
			);
			name = sdl_common;
			path = ../../../src/sdl_common;
			sourceTree = "<group>";
		};
		40487A0A246C432E00B776FA /* Resources */ = {
			isa = PBXGroup;
			children = (
				4056434B247032640042F34B /* macOS-sandboxed-Info.plist */,
				404879E5246C3FDC00B776FA /* macOS-Info.plist */,
				404879EF246C402B00B776FA /* Assets.xcassets */,
				40487ABE246CB6DC00B776FA /* OpenSupaplex.entitlements */,
				404824402485BA1200D13735 /* audio */,
				409F7DB0247B298C00BB3B19 /* BACK.DAT */,
				409F7DA1247B298B00BB3B19 /* CHARS6.DAT */,
				409F7DD3247B299000BB3B19 /* CHARS8.DAT */,
				409F7D9C247B298A00BB3B19 /* CONTROLS.DAT */,
				409F7DC5247B298F00BB3B19 /* DEMO0.BIN */,
				409F7DD9247B299100BB3B19 /* DEMO1.BIN */,
				409F7D99247B298A00BB3B19 /* DEMO2.BIN */,
				409F7D8A247B298900BB3B19 /* DEMO3.BIN */,
				409F7DA3247B298B00BB3B19 /* DEMO4.BIN */,
				409F7DAF247B298C00BB3B19 /* DEMO5.BIN */,
				409F7D8B247B298900BB3B19 /* DEMO6.BIN */,
				409F7D93247B298A00BB3B19 /* DEMO7.BIN */,
				409F7DB2247B298D00BB3B19 /* DEMO8.BIN */,
				409F7D97247B298A00BB3B19 /* DEMO9.BIN */,
				409F7DD1247B299000BB3B19 /* FIXED.DAT */,
				409F7DB3247B298D00BB3B19 /* GFX.DAT */,
				409F7DC9247B298F00BB3B19 /* LEVEL.L01 */,
				409F7DC2247B298E00BB3B19 /* LEVEL.L02 */,
				409F7D92247B298A00BB3B19 /* LEVEL.L03 */,
				409F7D83247B298900BB3B19 /* LEVEL.L04 */,
				409F7DA5247B298B00BB3B19 /* LEVEL.L05 */,
				409F7D9B247B298A00BB3B19 /* LEVEL.L06 */,
				409F7DBC247B298E00BB3B19 /* LEVEL.L07 */,
				409F7DB9247B298D00BB3B19 /* LEVEL.L08 */,
				409F7DD4247B299100BB3B19 /* LEVEL.L09 */,
				409F7DD0247B299000BB3B19 /* LEVEL.L10 */,
				409F7DD8247B299100BB3B19 /* LEVEL.L11 */,
				409F7DD6247B299100BB3B19 /* LEVEL.L12 */,
				409F7D8F247B298900BB3B19 /* LEVEL.L27 */,
				409F7DA0247B298B00BB3B19 /* LEVEL.L92 */,
				409F7DBF247B298E00BB3B19 /* LEVEL.L93 */,
				409F7DD5247B299100BB3B19 /* LEVEL.L94 */,
				409F7D98247B298A00BB3B19 /* LEVEL.L95 */,
				409F7DBD247B298E00BB3B19 /* LEVEL.L96 */,
				409F7DC4247B298F00BB3B19 /* LEVEL.L97 */,
				409F7D90247B298900BB3B19 /* LEVEL.L98 */,
				409F7DB1247B298C00BB3B19 /* LEVEL.LST */,
				409F7DB8247B298D00BB3B19 /* LEVELS.D01 */,
				409F7D85247B298900BB3B19 /* LEVELS.D02 */,
				409F7DA4247B298B00BB3B19 /* LEVELS.D03 */,
				409F7DC0247B298E00BB3B19 /* LEVELS.D04 */,
				409F7DDA247B299100BB3B19 /* LEVELS.D05 */,
				409F7DC8247B298F00BB3B19 /* LEVELS.D06 */,
				409F7D89247B298900BB3B19 /* LEVELS.D07 */,
				409F7DCA247B298F00BB3B19 /* LEVELS.D08 */,
				409F7DBE247B298E00BB3B19 /* LEVELS.D09 */,
				409F7DC6247B298F00BB3B19 /* LEVELS.D10 */,
				409F7DAC247B298C00BB3B19 /* LEVELS.D11 */,
				409F7D91247B298A00BB3B19 /* LEVELS.D12 */,
				409F7DB7247B298D00BB3B19 /* LEVELS.D27 */,
				409F7DC7247B298F00BB3B19 /* LEVELS.D92 */,
				409F7DCB247B298F00BB3B19 /* LEVELS.D93 */,
				409F7DAE247B298C00BB3B19 /* LEVELS.D94 */,
				409F7DCD247B299000BB3B19 /* LEVELS.D95 */,
				409F7D87247B298900BB3B19 /* LEVELS.D96 */,
				409F7DCF247B299000BB3B19 /* LEVELS.D97 */,
				409F7DAA247B298C00BB3B19 /* LEVELS.D98 */,
				409F7DAB247B298C00BB3B19 /* LEVELS.DAT */,
				409F7DA6247B298B00BB3B19 /* MENU.DAT */,
				409F7DC3247B298F00BB3B19 /* MOVING.DAT */,
				409F7D84247B298900BB3B19 /* myspsig.txt */,
				409F7D9D247B298A00BB3B19 /* PALETTES.DAT */,
				409F7DCE247B299000BB3B19 /* PANEL.DAT */,
				409F7D8E247B298900BB3B19 /* README.TXT */,
				409F7D86247B298900BB3B19 /* SPFIX63.DOC */,
				409F7D96247B298A00BB3B19 /* SPLVLS01.TXT */,
				409F7D94247B298A00BB3B19 /* SPLVLS02.TXT */,
				409F7DB5247B298D00BB3B19 /* SPLVLS03.TXT */,
				409F7D8D247B298900BB3B19 /* SPLVLS04.TXT */,
				409F7DA2247B298B00BB3B19 /* SPLVLS05.TXT */,
				409F7DC1247B298E00BB3B19 /* SPLVLS06.TXT */,
				409F7D9A247B298A00BB3B19 /* SPLVLS07.TXT */,
				409F7DD2247B299000BB3B19 /* SPLVLS08.TXT */,
				409F7DA7247B298B00BB3B19 /* SPLVLS09.TXT */,
				409F7D9E247B298B00BB3B19 /* SPLVLS10.TXT */,
				409F7D88247B298900BB3B19 /* SPLVLS11.TXT */,
				409F7DB4247B298D00BB3B19 /* SPLVLS12.TXT */,
				409F7DB6247B298D00BB3B19 /* SPLVLS27.TXT */,
				409F7DA9247B298C00BB3B19 /* SPLVLS92.TXT */,
				409F7D8C247B298900BB3B19 /* SPLVLS93.TXT */,
				409F7D95247B298A00BB3B19 /* SPLVLS94.TXT */,
				409F7DBA247B298E00BB3B19 /* SPLVLS95.TXT */,
				409F7DD7247B299100BB3B19 /* SPLVLS96.TXT */,
				409F7DBB247B298E00BB3B19 /* SPLVLS97.TXT */,
				409F7D9F247B298B00BB3B19 /* SPLVLS98.TXT */,
				409F7DCC247B299000BB3B19 /* TITLE.DAT */,
				409F7DAD247B298C00BB3B19 /* TITLE1.DAT */,
				409F7DA8247B298C00BB3B19 /* TITLE2.DAT */,
			);
			name = Resources;
			sourceTree = "<group>";
		};
		409F7F15247C74CC00BB3B19 /* sdl2 */ = {
			isa = PBXGroup;
			children = (
				409F7F25247C74E300BB3B19 /* controller.c */,
				409F7F27247C74E300BB3B19 /* keyboard.c */,
				409F7F24247C74E300BB3B19 /* touchscreen.c */,
				409F7F26247C74E300BB3B19 /* video.c */,
			);
			name = sdl2;
			path = ../../../src/sdl2;
			sourceTree = "<group>";
		};
		40C0D72324196126004742A9 = {
			isa = PBXGroup;
			children = (
				40487A0A246C432E00B776FA /* Resources */,
				40C0D72E24196126004742A9 /* OpenSupaplex */,
				40C0D72D24196126004742A9 /* Products */,
				40C0D73824196423004742A9 /* Frameworks */,
			);
			sourceTree = "<group>";
		};
		40C0D72D24196126004742A9 /* Products */ = {
			isa = PBXGroup;
			children = (
				404879EA246C402900B776FA /* OpenSupaplex.app */,
				4056434A247032640042F34B /* OpenSupaplex-sandboxed.app */,
			);
			name = Products;
			sourceTree = "<group>";
		};
		40C0D72E24196126004742A9 /* OpenSupaplex */ = {
			isa = PBXGroup;
			children = (
				4037C2102487DCFA001B4029 /* null */,
				403839C4247E5D6B00C1B08B /* sdl_common */,
				409F7F15247C74CC00BB3B19 /* sdl2 */,
				40DA3CF92468BEF900D4A308 /* lib */,
				4062C245244CE5D5007A07F5 /* controller.h */,
				4062C246244CE5D5007A07F5 /* supaplex.c */,
				4062C24A244F00CA007A07F5 /* file.h */,
				40487A82246CB32400B776FA /* file.m */,
				4001459C245F7B5A00620211 /* touchscreen.h */,
				4001459F245F7EBF00620211 /* logging.h */,
				403839CB247E5DAE00C1B08B /* logging.c */,
				400145A2245FEDF200620211 /* virtualKeyboard.h */,
				400145A62461A59D00620211 /* video.h */,
				400145AA2462CE9F00620211 /* utils.h */,
				400145AB2462CE9F00620211 /* utils.c */,
				40C8290C24673197003A103E /* audio.h */,
				40DA3CF62468717400D4A308 /* menu.h */,
				40DA3CF72468717400D4A308 /* menu.c */,
				40DA3D012469C03000D4A308 /* config.h */,
				40DA3D022469C03000D4A308 /* config.c */,
				404879BF246B51E600B776FA /* input.h */,
				404879C0246B51E600B776FA /* input.c */,
				404879C2246B5FF500B776FA /* conditionals.h */,
				404879C3246B609900B776FA /* conditionals.c */,
				4056430B246F49CE0042F34B /* commandLineParser.h */,
				4056430C246F49CE0042F34B /* commandLineParser.c */,
				4056430E246F4A9A0042F34B /* globals.h */,
				4056430F246F4A9A0042F34B /* globals.c */,
				40564311246F5DB60042F34B /* demo.h */,
				40564312246F5DB60042F34B /* demo.c */,
				40517B132473EC57004E2435 /* graphics.h */,
				40517B142473EC57004E2435 /* graphics.c */,
				40E6995224787DAE000ADD53 /* savegame.h */,
				40E6995324787DAE000ADD53 /* savegame.c */,
				409F7B612479CD4C00BB3B19 /* system.h */,
				409F7B652479D45200BB3B19 /* buttonBorders.h */,
				409F7B662479D45200BB3B19 /* buttonBorders.c */,
				409F7B692479D56D00BB3B19 /* animations.h */,
				409F7B6A2479D56D00BB3B19 /* animations.c */,
				409F7F07247B35AE00BB3B19 /* keyboard.h */,
			);
			path = OpenSupaplex;
			sourceTree = "<group>";
		};
		40C0D73824196423004742A9 /* Frameworks */ = {
			isa = PBXGroup;
			children = (
				B8C916D429FD2E4200AC324C /* xmp_lite.framework */,
				40EE92CC24A8B39D0004152D /* SDL2_mixer.framework */,
				40EE92CD24A8B39E0004152D /* SDL2.framework */,
			);
			name = Frameworks;
			sourceTree = "<group>";
		};
		40DA3CF92468BEF900D4A308 /* lib */ = {
			isa = PBXGroup;
			children = (
				40DA3CFA2468BEF900D4A308 /* ini */,
			);
			name = lib;
			path = ../../../src/lib;
			sourceTree = "<group>";
		};
		40DA3CFA2468BEF900D4A308 /* ini */ = {
			isa = PBXGroup;
			children = (
				40DA3CFB2468BEF900D4A308 /* ini.c */,
				40DA3CFE2468BEF900D4A308 /* ini.h */,
			);
			path = ini;
			sourceTree = "<group>";
		};
/* End PBXGroup section */

/* Begin PBXNativeTarget section */
		404879E9246C402900B776FA /* OpenSupaplex */ = {
			isa = PBXNativeTarget;
			buildConfigurationList = 404879F8246C402B00B776FA /* Build configuration list for PBXNativeTarget "OpenSupaplex" */;
			buildPhases = (
				404879E6246C402900B776FA /* Sources */,
				404879E7246C402900B776FA /* Frameworks */,
				404879E8246C402900B776FA /* Resources */,
				40EE92D024A8B3B80004152D /* CopyFiles */,
			);
			buildRules = (
			);
			dependencies = (
			);
			name = OpenSupaplex;
			productName = OpenSupaplex;
			productReference = 404879EA246C402900B776FA /* OpenSupaplex.app */;
			productType = "com.apple.product-type.application";
		};
		40564314247032640042F34B /* OpenSupaplex-sandboxed */ = {
			isa = PBXNativeTarget;
			buildConfigurationList = 40564347247032640042F34B /* Build configuration list for PBXNativeTarget "OpenSupaplex-sandboxed" */;
			buildPhases = (
				40564315247032640042F34B /* Sources */,
				40564327247032640042F34B /* Frameworks */,
				40564328247032640042F34B /* Resources */,
			);
			buildRules = (
			);
			dependencies = (
			);
			name = "OpenSupaplex-sandboxed";
			productName = OpenSupaplex;
			productReference = 4056434A247032640042F34B /* OpenSupaplex-sandboxed.app */;
			productType = "com.apple.product-type.application";
		};
/* End PBXNativeTarget section */

/* Begin PBXProject section */
		40C0D72424196126004742A9 /* Project object */ = {
			isa = PBXProject;
			attributes = {
				LastUpgradeCheck = 1130;
				ORGANIZATIONNAME = Sergio;
				TargetAttributes = {
					404879E9246C402900B776FA = {
						CreatedOnToolsVersion = 11.4.1;
					};
				};
			};
			buildConfigurationList = 40C0D72724196126004742A9 /* Build configuration list for PBXProject "OpenSupaplex" */;
			compatibilityVersion = "Xcode 9.3";
			developmentRegion = en;
			hasScannedForEncodings = 0;
			knownRegions = (
				en,
				Base,
			);
			mainGroup = 40C0D72324196126004742A9;
			productRefGroup = 40C0D72D24196126004742A9 /* Products */;
			projectDirPath = "";
			projectRoot = "";
			targets = (
				404879E9246C402900B776FA /* OpenSupaplex */,
				40564314247032640042F34B /* OpenSupaplex-sandboxed */,
			);
		};
/* End PBXProject section */

/* Begin PBXResourcesBuildPhase section */
		404879E8246C402900B776FA /* Resources */ = {
			isa = PBXResourcesBuildPhase;
			buildActionMask = 2147483647;
			files = (
				409F7E36247B299200BB3B19 /* BACK.DAT in Resources */,
				409F7E3E247B299200BB3B19 /* SPLVLS12.TXT in Resources */,
				409F7E7A247B299200BB3B19 /* SPLVLS08.TXT in Resources */,
				409F7E00247B299100BB3B19 /* SPLVLS94.TXT in Resources */,
				409F7E1A247B299200BB3B19 /* SPLVLS05.TXT in Resources */,
				409F7E10247B299200BB3B19 /* PALETTES.DAT in Resources */,
				409F7E06247B299100BB3B19 /* LEVEL.L95 in Resources */,
				409F7E52247B299200BB3B19 /* LEVELS.D09 in Resources */,
				409F7E12247B299200BB3B19 /* SPLVLS10.TXT in Resources */,
				409F7E78247B299200BB3B19 /* FIXED.DAT in Resources */,
				409F7E58247B299200BB3B19 /* SPLVLS06.TXT in Resources */,
				409F7E02247B299100BB3B19 /* SPLVLS01.TXT in Resources */,
				409F7E38247B299200BB3B19 /* LEVEL.LST in Resources */,
				409F7E5E247B299200BB3B19 /* LEVEL.L97 in Resources */,
				409F7E32247B299200BB3B19 /* LEVELS.D94 in Resources */,
				409F7E4E247B299200BB3B19 /* LEVEL.L07 in Resources */,
				409F7E7E247B299200BB3B19 /* LEVEL.L09 in Resources */,
				409F7E48247B299200BB3B19 /* LEVEL.L08 in Resources */,
				409F7E50247B299200BB3B19 /* LEVEL.L96 in Resources */,
				409F7DE6247B299100BB3B19 /* SPLVLS11.TXT in Resources */,
				409F7E16247B299200BB3B19 /* LEVEL.L92 in Resources */,
				409F7E4C247B299200BB3B19 /* SPLVLS97.TXT in Resources */,
				409F7E70247B299200BB3B19 /* LEVELS.D95 in Resources */,
				409F7E64247B299200BB3B19 /* LEVELS.D92 in Resources */,
				409F7DE2247B299100BB3B19 /* SPFIX63.DOC in Resources */,
				409F7DE4247B299100BB3B19 /* LEVELS.D96 in Resources */,
				409F7DF2247B299100BB3B19 /* README.TXT in Resources */,
				409F7E18247B299200BB3B19 /* CHARS6.DAT in Resources */,
				409F7E62247B299200BB3B19 /* LEVELS.D10 in Resources */,
				409F7E2E247B299200BB3B19 /* LEVELS.D11 in Resources */,
				409F7E04247B299100BB3B19 /* DEMO9.BIN in Resources */,
				409F7E0A247B299100BB3B19 /* SPLVLS07.TXT in Resources */,
				409F7DEA247B299100BB3B19 /* DEMO3.BIN in Resources */,
				409F7E8A247B299200BB3B19 /* LEVELS.D05 in Resources */,
				409F7DDE247B299100BB3B19 /* myspsig.txt in Resources */,
				409F7E6A247B299200BB3B19 /* LEVELS.D08 in Resources */,
				409F7E2C247B299200BB3B19 /* LEVELS.DAT in Resources */,
				409F7DF4247B299100BB3B19 /* LEVEL.L27 in Resources */,
				409F7E1E247B299200BB3B19 /* LEVELS.D03 in Resources */,
				409F7DFE247B299100BB3B19 /* SPLVLS02.TXT in Resources */,
				409F7E14247B299200BB3B19 /* SPLVLS98.TXT in Resources */,
				409F7DF0247B299100BB3B19 /* SPLVLS04.TXT in Resources */,
				409F7E84247B299200BB3B19 /* SPLVLS96.TXT in Resources */,
				409F7E40247B299200BB3B19 /* SPLVLS03.TXT in Resources */,
				409F7E0E247B299200BB3B19 /* CONTROLS.DAT in Resources */,
				409F7DEE247B299100BB3B19 /* SPLVLS93.TXT in Resources */,
				409F7E24247B299200BB3B19 /* SPLVLS09.TXT in Resources */,
				409F7E30247B299200BB3B19 /* TITLE1.DAT in Resources */,
				409F7E42247B299200BB3B19 /* SPLVLS27.TXT in Resources */,
				409F7E28247B299200BB3B19 /* SPLVLS92.TXT in Resources */,
				409F7E4A247B299200BB3B19 /* SPLVLS95.TXT in Resources */,
				409F7E20247B299200BB3B19 /* LEVEL.L05 in Resources */,
				409F7E5A247B299200BB3B19 /* LEVEL.L02 in Resources */,
				409F7E86247B299200BB3B19 /* LEVEL.L11 in Resources */,
				409F7DEC247B299100BB3B19 /* DEMO6.BIN in Resources */,
				409F7E5C247B299200BB3B19 /* MOVING.DAT in Resources */,
				409F7E56247B299200BB3B19 /* LEVELS.D04 in Resources */,
				409F7E72247B299200BB3B19 /* PANEL.DAT in Resources */,
				409F7E60247B299200BB3B19 /* DEMO0.BIN in Resources */,
				409F7E2A247B299200BB3B19 /* LEVELS.D98 in Resources */,
				409F7DE8247B299100BB3B19 /* LEVELS.D07 in Resources */,
				409F7DF6247B299100BB3B19 /* LEVEL.L98 in Resources */,
				409F7E46247B299200BB3B19 /* LEVELS.D01 in Resources */,
				409F7DFC247B299100BB3B19 /* DEMO7.BIN in Resources */,
				409F7DF8247B299100BB3B19 /* LEVELS.D12 in Resources */,
				409F7E76247B299200BB3B19 /* LEVEL.L10 in Resources */,
				409F7E74247B299200BB3B19 /* LEVELS.D97 in Resources */,
				409F7E3C247B299200BB3B19 /* GFX.DAT in Resources */,
				409F7DDC247B299100BB3B19 /* LEVEL.L04 in Resources */,
				409F7E44247B299200BB3B19 /* LEVELS.D27 in Resources */,
				409F7E82247B299200BB3B19 /* LEVEL.L12 in Resources */,
				409F7E54247B299200BB3B19 /* LEVEL.L93 in Resources */,
				409F7E08247B299100BB3B19 /* DEMO2.BIN in Resources */,
				409F7E80247B299200BB3B19 /* LEVEL.L94 in Resources */,
				409F7E88247B299200BB3B19 /* DEMO1.BIN in Resources */,
				404879F0246C402B00B776FA /* Assets.xcassets in Resources */,
				404824412485BA1200D13735 /* audio in Resources */,
				409F7E34247B299200BB3B19 /* DEMO5.BIN in Resources */,
				409F7DFA247B299100BB3B19 /* LEVEL.L03 in Resources */,
				409F7E6E247B299200BB3B19 /* TITLE.DAT in Resources */,
				409F7E1C247B299200BB3B19 /* DEMO4.BIN in Resources */,
				409F7E0C247B299100BB3B19 /* LEVEL.L06 in Resources */,
				409F7E26247B299200BB3B19 /* TITLE2.DAT in Resources */,
				409F7E6C247B299200BB3B19 /* LEVELS.D93 in Resources */,
				409F7E22247B299200BB3B19 /* MENU.DAT in Resources */,
				409F7E7C247B299200BB3B19 /* CHARS8.DAT in Resources */,
				409F7E66247B299200BB3B19 /* LEVELS.D06 in Resources */,
				409F7E68247B299200BB3B19 /* LEVEL.L01 in Resources */,
				409F7DE0247B299100BB3B19 /* LEVELS.D02 in Resources */,
				409F7E3A247B299200BB3B19 /* DEMO8.BIN in Resources */,
			);
			runOnlyForDeploymentPostprocessing = 0;
		};
		40564328247032640042F34B /* Resources */ = {
			isa = PBXResourcesBuildPhase;
			buildActionMask = 2147483647;
			files = (
				409F7E37247B299200BB3B19 /* BACK.DAT in Resources */,
				409F7E3F247B299200BB3B19 /* SPLVLS12.TXT in Resources */,
				409F7E7B247B299200BB3B19 /* SPLVLS08.TXT in Resources */,
				409F7E01247B299100BB3B19 /* SPLVLS94.TXT in Resources */,
				409F7E1B247B299200BB3B19 /* SPLVLS05.TXT in Resources */,
				409F7E11247B299200BB3B19 /* PALETTES.DAT in Resources */,
				409F7E07247B299100BB3B19 /* LEVEL.L95 in Resources */,
				409F7E53247B299200BB3B19 /* LEVELS.D09 in Resources */,
				409F7E13247B299200BB3B19 /* SPLVLS10.TXT in Resources */,
				409F7E79247B299200BB3B19 /* FIXED.DAT in Resources */,
				409F7E59247B299200BB3B19 /* SPLVLS06.TXT in Resources */,
				409F7E03247B299100BB3B19 /* SPLVLS01.TXT in Resources */,
				409F7E39247B299200BB3B19 /* LEVEL.LST in Resources */,
				409F7E5F247B299200BB3B19 /* LEVEL.L97 in Resources */,
				409F7E33247B299200BB3B19 /* LEVELS.D94 in Resources */,
				409F7E4F247B299200BB3B19 /* LEVEL.L07 in Resources */,
				409F7E7F247B299200BB3B19 /* LEVEL.L09 in Resources */,
				409F7E49247B299200BB3B19 /* LEVEL.L08 in Resources */,
				409F7E51247B299200BB3B19 /* LEVEL.L96 in Resources */,
				409F7DE7247B299100BB3B19 /* SPLVLS11.TXT in Resources */,
				409F7E17247B299200BB3B19 /* LEVEL.L92 in Resources */,
				409F7E4D247B299200BB3B19 /* SPLVLS97.TXT in Resources */,
				409F7E71247B299200BB3B19 /* LEVELS.D95 in Resources */,
				409F7E65247B299200BB3B19 /* LEVELS.D92 in Resources */,
				409F7DE3247B299100BB3B19 /* SPFIX63.DOC in Resources */,
				409F7DE5247B299100BB3B19 /* LEVELS.D96 in Resources */,
				409F7DF3247B299100BB3B19 /* README.TXT in Resources */,
				409F7E19247B299200BB3B19 /* CHARS6.DAT in Resources */,
				409F7E63247B299200BB3B19 /* LEVELS.D10 in Resources */,
				409F7E2F247B299200BB3B19 /* LEVELS.D11 in Resources */,
				409F7E05247B299100BB3B19 /* DEMO9.BIN in Resources */,
				409F7E0B247B299100BB3B19 /* SPLVLS07.TXT in Resources */,
				409F7DEB247B299100BB3B19 /* DEMO3.BIN in Resources */,
				409F7E8B247B299200BB3B19 /* LEVELS.D05 in Resources */,
				409F7DDF247B299100BB3B19 /* myspsig.txt in Resources */,
				409F7E6B247B299200BB3B19 /* LEVELS.D08 in Resources */,
				409F7E2D247B299200BB3B19 /* LEVELS.DAT in Resources */,
				409F7DF5247B299100BB3B19 /* LEVEL.L27 in Resources */,
				409F7E1F247B299200BB3B19 /* LEVELS.D03 in Resources */,
				409F7DFF247B299100BB3B19 /* SPLVLS02.TXT in Resources */,
				409F7E15247B299200BB3B19 /* SPLVLS98.TXT in Resources */,
				409F7DF1247B299100BB3B19 /* SPLVLS04.TXT in Resources */,
				409F7E85247B299200BB3B19 /* SPLVLS96.TXT in Resources */,
				409F7E41247B299200BB3B19 /* SPLVLS03.TXT in Resources */,
				409F7E0F247B299200BB3B19 /* CONTROLS.DAT in Resources */,
				409F7DEF247B299100BB3B19 /* SPLVLS93.TXT in Resources */,
				409F7E25247B299200BB3B19 /* SPLVLS09.TXT in Resources */,
				409F7E31247B299200BB3B19 /* TITLE1.DAT in Resources */,
				409F7E43247B299200BB3B19 /* SPLVLS27.TXT in Resources */,
				409F7E29247B299200BB3B19 /* SPLVLS92.TXT in Resources */,
				409F7E4B247B299200BB3B19 /* SPLVLS95.TXT in Resources */,
				409F7E21247B299200BB3B19 /* LEVEL.L05 in Resources */,
				409F7E5B247B299200BB3B19 /* LEVEL.L02 in Resources */,
				409F7E87247B299200BB3B19 /* LEVEL.L11 in Resources */,
				409F7DED247B299100BB3B19 /* DEMO6.BIN in Resources */,
				409F7E5D247B299200BB3B19 /* MOVING.DAT in Resources */,
				409F7E57247B299200BB3B19 /* LEVELS.D04 in Resources */,
				409F7E73247B299200BB3B19 /* PANEL.DAT in Resources */,
				409F7E61247B299200BB3B19 /* DEMO0.BIN in Resources */,
				409F7E2B247B299200BB3B19 /* LEVELS.D98 in Resources */,
				409F7DE9247B299100BB3B19 /* LEVELS.D07 in Resources */,
				409F7DF7247B299100BB3B19 /* LEVEL.L98 in Resources */,
				409F7E47247B299200BB3B19 /* LEVELS.D01 in Resources */,
				409F7DFD247B299100BB3B19 /* DEMO7.BIN in Resources */,
				409F7DF9247B299100BB3B19 /* LEVELS.D12 in Resources */,
				409F7E77247B299200BB3B19 /* LEVEL.L10 in Resources */,
				409F7E75247B299200BB3B19 /* LEVELS.D97 in Resources */,
				409F7E3D247B299200BB3B19 /* GFX.DAT in Resources */,
				409F7DDD247B299100BB3B19 /* LEVEL.L04 in Resources */,
				409F7E45247B299200BB3B19 /* LEVELS.D27 in Resources */,
				409F7E83247B299200BB3B19 /* LEVEL.L12 in Resources */,
				409F7E55247B299200BB3B19 /* LEVEL.L93 in Resources */,
				409F7E09247B299100BB3B19 /* DEMO2.BIN in Resources */,
				409F7E81247B299200BB3B19 /* LEVEL.L94 in Resources */,
				409F7E89247B299200BB3B19 /* DEMO1.BIN in Resources */,
				4056433B247032640042F34B /* Assets.xcassets in Resources */,
				404824422485BA1200D13735 /* audio in Resources */,
				409F7E35247B299200BB3B19 /* DEMO5.BIN in Resources */,
				409F7DFB247B299100BB3B19 /* LEVEL.L03 in Resources */,
				409F7E6F247B299200BB3B19 /* TITLE.DAT in Resources */,
				409F7E1D247B299200BB3B19 /* DEMO4.BIN in Resources */,
				409F7E0D247B299100BB3B19 /* LEVEL.L06 in Resources */,
				409F7E27247B299200BB3B19 /* TITLE2.DAT in Resources */,
				409F7E6D247B299200BB3B19 /* LEVELS.D93 in Resources */,
				409F7E23247B299200BB3B19 /* MENU.DAT in Resources */,
				409F7E7D247B299200BB3B19 /* CHARS8.DAT in Resources */,
				409F7E67247B299200BB3B19 /* LEVELS.D06 in Resources */,
				409F7E69247B299200BB3B19 /* LEVEL.L01 in Resources */,
				409F7DE1247B299100BB3B19 /* LEVELS.D02 in Resources */,
				409F7E3B247B299200BB3B19 /* DEMO8.BIN in Resources */,
			);
			runOnlyForDeploymentPostprocessing = 0;
		};
/* End PBXResourcesBuildPhase section */

/* Begin PBXSourcesBuildPhase section */
		404879E6246C402900B776FA /* Sources */ = {
			isa = PBXSourcesBuildPhase;
			buildActionMask = 2147483647;
			files = (
				409F7F31247C74E300BB3B19 /* keyboard.c in Sources */,
				4056430D246F49CE0042F34B /* commandLineParser.c in Sources */,
				4037C21F2487DCFA001B4029 /* virtualKeyboard.c in Sources */,
				40487A05246C403A00B776FA /* menu.c in Sources */,
				403839C9247E5D7900C1B08B /* system.c in Sources */,
				409F7B6B2479D56D00BB3B19 /* animations.c in Sources */,
				404879FB246C403A00B776FA /* ini.c in Sources */,
				409F7B672479D45200BB3B19 /* buttonBorders.c in Sources */,
				40E6995424787DAE000ADD53 /* savegame.c in Sources */,
				40517B152473EC57004E2435 /* graphics.c in Sources */,
				404879FD246C403A00B776FA /* supaplex.c in Sources */,
				409F7F2F247C74E300BB3B19 /* video.c in Sources */,
				40487A08246C403A00B776FA /* conditionals.c in Sources */,
				40487A06246C403A00B776FA /* config.c in Sources */,
				40564313246F5DB60042F34B /* demo.c in Sources */,
				40487A83246CB32400B776FA /* file.m in Sources */,
				409F7F2B247C74E300BB3B19 /* touchscreen.c in Sources */,
				403839CC247E5DAF00C1B08B /* logging.c in Sources */,
				409F7F2D247C74E300BB3B19 /* controller.c in Sources */,
				403839C7247E5D7900C1B08B /* audio.c in Sources */,
				40487A07246C403A00B776FA /* input.c in Sources */,
				40564310246F4A9A0042F34B /* globals.c in Sources */,
				40487A03246C403A00B776FA /* utils.c in Sources */,
			);
			runOnlyForDeploymentPostprocessing = 0;
		};
		40564315247032640042F34B /* Sources */ = {
			isa = PBXSourcesBuildPhase;
			buildActionMask = 2147483647;
			files = (
				409F7F32247C74E300BB3B19 /* keyboard.c in Sources */,
				40564316247032640042F34B /* commandLineParser.c in Sources */,
				4037C2202487DCFA001B4029 /* virtualKeyboard.c in Sources */,
				40564317247032640042F34B /* menu.c in Sources */,
				403839CA247E5D7900C1B08B /* system.c in Sources */,
				409F7B6C2479D56D00BB3B19 /* animations.c in Sources */,
				40564318247032640042F34B /* ini.c in Sources */,
				409F7B682479D45200BB3B19 /* buttonBorders.c in Sources */,
				40E6995524787DAE000ADD53 /* savegame.c in Sources */,
				40517B162473EC57004E2435 /* graphics.c in Sources */,
				4056431B247032640042F34B /* supaplex.c in Sources */,
				409F7F30247C74E300BB3B19 /* video.c in Sources */,
				4056431C247032640042F34B /* conditionals.c in Sources */,
				40564320247032640042F34B /* config.c in Sources */,
				40564321247032640042F34B /* demo.c in Sources */,
				40564322247032640042F34B /* file.m in Sources */,
				409F7F2C247C74E300BB3B19 /* touchscreen.c in Sources */,
				403839CD247E5DAF00C1B08B /* logging.c in Sources */,
				409F7F2E247C74E300BB3B19 /* controller.c in Sources */,
				403839C8247E5D7900C1B08B /* audio.c in Sources */,
				40564324247032640042F34B /* input.c in Sources */,
				40564325247032640042F34B /* globals.c in Sources */,
				40564326247032640042F34B /* utils.c in Sources */,
			);
			runOnlyForDeploymentPostprocessing = 0;
		};
/* End PBXSourcesBuildPhase section */

/* Begin XCBuildConfiguration section */
		404879F9246C402B00B776FA /* Debug */ = {
			isa = XCBuildConfiguration;
			buildSettings = {
				ASSETCATALOG_COMPILER_APPICON_NAME = AppIcon;
				CODE_SIGN_ENTITLEMENTS = OpenSupaplex/OpenSupaplex.entitlements;
				CODE_SIGN_STYLE = Automatic;
				COMBINE_HIDPI_IMAGES = YES;
				FRAMEWORK_SEARCH_PATHS = (
					"$(inherited)",
					"$(PROJECT_DIR)/Frameworks",
				);
				GCC_PREPROCESSOR_DEFINITIONS = (
					HAVE_SDL2,
					"DEBUG=1",
					"$(inherited)",
				);
				INFOPLIST_FILE = "macOS-Info.plist";
				LD_RUNPATH_SEARCH_PATHS = (
					"$(inherited)",
					"@executable_path/../Frameworks",
				);
				OTHER_CFLAGS = (
					"-I/usr/local/include",
					"-D_THREAD_SAFE",
				);
				OTHER_CODE_SIGN_FLAGS = "--deep";
				PRODUCT_BUNDLE_IDENTIFIER = com.OpenSupaplex;
				PRODUCT_NAME = "$(TARGET_NAME)";
			};
			name = Debug;
		};
		404879FA246C402B00B776FA /* Release */ = {
			isa = XCBuildConfiguration;
			buildSettings = {
				ASSETCATALOG_COMPILER_APPICON_NAME = AppIcon;
				CODE_SIGN_ENTITLEMENTS = OpenSupaplex/OpenSupaplex.entitlements;
				CODE_SIGN_STYLE = Automatic;
				COMBINE_HIDPI_IMAGES = YES;
				FRAMEWORK_SEARCH_PATHS = (
					"$(inherited)",
					"$(PROJECT_DIR)/Frameworks",
				);
				GCC_PREPROCESSOR_DEFINITIONS = HAVE_SDL2;
				INFOPLIST_FILE = "macOS-Info.plist";
				LD_RUNPATH_SEARCH_PATHS = (
					"$(inherited)",
					"@executable_path/../Frameworks",
				);
				OTHER_CFLAGS = (
					"-I/usr/local/include",
					"-D_THREAD_SAFE",
				);
				OTHER_CODE_SIGN_FLAGS = "--deep";
				PRODUCT_BUNDLE_IDENTIFIER = com.OpenSupaplex;
				PRODUCT_NAME = "$(TARGET_NAME)";
			};
			name = Release;
		};
		40564348247032640042F34B /* Debug */ = {
			isa = XCBuildConfiguration;
			buildSettings = {
				ASSETCATALOG_COMPILER_APPICON_NAME = AppIcon;
				CODE_SIGN_ENTITLEMENTS = OpenSupaplex/OpenSupaplex.entitlements;
				CODE_SIGN_STYLE = Automatic;
				COMBINE_HIDPI_IMAGES = YES;
				INFOPLIST_FILE = "macOS-sandboxed-Info.plist";
				LD_RUNPATH_SEARCH_PATHS = (
					"$(inherited)",
					"@executable_path/../Frameworks",
				);
				OTHER_CFLAGS = (
					"-I/usr/local/include",
					"-D_THREAD_SAFE",
				);
				OTHER_LDFLAGS = (
					"-L/usr/local/lib",
					"-lSDL2_mixer",
					"-lSDL2",
				);
				PRODUCT_BUNDLE_IDENTIFIER = com.OpenSupaplex;
				PRODUCT_NAME = "$(TARGET_NAME)";
			};
			name = Debug;
		};
		40564349247032640042F34B /* Release */ = {
			isa = XCBuildConfiguration;
			buildSettings = {
				ASSETCATALOG_COMPILER_APPICON_NAME = AppIcon;
				CODE_SIGN_ENTITLEMENTS = OpenSupaplex/OpenSupaplex.entitlements;
				CODE_SIGN_STYLE = Automatic;
				COMBINE_HIDPI_IMAGES = YES;
				INFOPLIST_FILE = "macOS-sandboxed-Info.plist";
				LD_RUNPATH_SEARCH_PATHS = (
					"$(inherited)",
					"@executable_path/../Frameworks",
				);
				OTHER_CFLAGS = (
					"-I/usr/local/include",
					"-D_THREAD_SAFE",
				);
				OTHER_LDFLAGS = (
					"-L/usr/local/lib",
					"-lSDL2_mixer",
					"-lSDL2",
				);
				PRODUCT_BUNDLE_IDENTIFIER = com.OpenSupaplex;
				PRODUCT_NAME = "$(TARGET_NAME)";
			};
			name = Release;
		};
		40C0D73124196126004742A9 /* Debug */ = {
			isa = XCBuildConfiguration;
			buildSettings = {
				ALWAYS_SEARCH_USER_PATHS = NO;
				CLANG_ANALYZER_NONNULL = YES;
				CLANG_ANALYZER_NUMBER_OBJECT_CONVERSION = YES_AGGRESSIVE;
				CLANG_CXX_LANGUAGE_STANDARD = "gnu++14";
				CLANG_CXX_LIBRARY = "libc++";
				CLANG_ENABLE_MODULES = YES;
				CLANG_ENABLE_OBJC_ARC = YES;
				CLANG_ENABLE_OBJC_WEAK = YES;
				CLANG_WARN_BLOCK_CAPTURE_AUTORELEASING = YES;
				CLANG_WARN_BOOL_CONVERSION = YES;
				CLANG_WARN_COMMA = YES;
				CLANG_WARN_CONSTANT_CONVERSION = YES;
				CLANG_WARN_DEPRECATED_OBJC_IMPLEMENTATIONS = YES;
				CLANG_WARN_DIRECT_OBJC_ISA_USAGE = YES_ERROR;
				CLANG_WARN_DOCUMENTATION_COMMENTS = YES;
				CLANG_WARN_EMPTY_BODY = YES;
				CLANG_WARN_ENUM_CONVERSION = YES;
				CLANG_WARN_INFINITE_RECURSION = YES;
				CLANG_WARN_INT_CONVERSION = YES;
				CLANG_WARN_NON_LITERAL_NULL_CONVERSION = YES;
				CLANG_WARN_OBJC_IMPLICIT_RETAIN_SELF = YES;
				CLANG_WARN_OBJC_LITERAL_CONVERSION = YES;
				CLANG_WARN_OBJC_ROOT_CLASS = YES_ERROR;
				CLANG_WARN_RANGE_LOOP_ANALYSIS = YES;
				CLANG_WARN_STRICT_PROTOTYPES = YES;
				CLANG_WARN_SUSPICIOUS_MOVE = YES;
				CLANG_WARN_UNGUARDED_AVAILABILITY = YES_AGGRESSIVE;
				CLANG_WARN_UNREACHABLE_CODE = YES;
				CLANG_WARN__DUPLICATE_METHOD_MATCH = YES;
				COPY_PHASE_STRIP = NO;
				DEBUG_INFORMATION_FORMAT = dwarf;
				ENABLE_STRICT_OBJC_MSGSEND = YES;
				ENABLE_TESTABILITY = YES;
				GCC_C_LANGUAGE_STANDARD = gnu11;
				GCC_DYNAMIC_NO_PIC = NO;
				GCC_NO_COMMON_BLOCKS = YES;
				GCC_OPTIMIZATION_LEVEL = 0;
				GCC_PREPROCESSOR_DEFINITIONS = (
					"DEBUG=1",
					"$(inherited)",
				);
				GCC_WARN_64_TO_32_BIT_CONVERSION = YES;
				GCC_WARN_ABOUT_RETURN_TYPE = YES_ERROR;
				GCC_WARN_UNDECLARED_SELECTOR = YES;
				GCC_WARN_UNINITIALIZED_AUTOS = YES_AGGRESSIVE;
				GCC_WARN_UNUSED_FUNCTION = YES;
				GCC_WARN_UNUSED_VARIABLE = YES;
				MACOSX_DEPLOYMENT_TARGET = 10.13;
				MTL_ENABLE_DEBUG_INFO = INCLUDE_SOURCE;
				MTL_FAST_MATH = YES;
				ONLY_ACTIVE_ARCH = YES;
				SDKROOT = macosx;
			};
			name = Debug;
		};
		40C0D73224196126004742A9 /* Release */ = {
			isa = XCBuildConfiguration;
			buildSettings = {
				ALWAYS_SEARCH_USER_PATHS = NO;
				CLANG_ANALYZER_NONNULL = YES;
				CLANG_ANALYZER_NUMBER_OBJECT_CONVERSION = YES_AGGRESSIVE;
				CLANG_CXX_LANGUAGE_STANDARD = "gnu++14";
				CLANG_CXX_LIBRARY = "libc++";
				CLANG_ENABLE_MODULES = YES;
				CLANG_ENABLE_OBJC_ARC = YES;
				CLANG_ENABLE_OBJC_WEAK = YES;
				CLANG_WARN_BLOCK_CAPTURE_AUTORELEASING = YES;
				CLANG_WARN_BOOL_CONVERSION = YES;
				CLANG_WARN_COMMA = YES;
				CLANG_WARN_CONSTANT_CONVERSION = YES;
				CLANG_WARN_DEPRECATED_OBJC_IMPLEMENTATIONS = YES;
				CLANG_WARN_DIRECT_OBJC_ISA_USAGE = YES_ERROR;
				CLANG_WARN_DOCUMENTATION_COMMENTS = YES;
				CLANG_WARN_EMPTY_BODY = YES;
				CLANG_WARN_ENUM_CONVERSION = YES;
				CLANG_WARN_INFINITE_RECURSION = YES;
				CLANG_WARN_INT_CONVERSION = YES;
				CLANG_WARN_NON_LITERAL_NULL_CONVERSION = YES;
				CLANG_WARN_OBJC_IMPLICIT_RETAIN_SELF = YES;
				CLANG_WARN_OBJC_LITERAL_CONVERSION = YES;
				CLANG_WARN_OBJC_ROOT_CLASS = YES_ERROR;
				CLANG_WARN_RANGE_LOOP_ANALYSIS = YES;
				CLANG_WARN_STRICT_PROTOTYPES = YES;
				CLANG_WARN_SUSPICIOUS_MOVE = YES;
				CLANG_WARN_UNGUARDED_AVAILABILITY = YES_AGGRESSIVE;
				CLANG_WARN_UNREACHABLE_CODE = YES;
				CLANG_WARN__DUPLICATE_METHOD_MATCH = YES;
				COPY_PHASE_STRIP = NO;
				DEBUG_INFORMATION_FORMAT = "dwarf-with-dsym";
				ENABLE_NS_ASSERTIONS = NO;
				ENABLE_STRICT_OBJC_MSGSEND = YES;
				GCC_C_LANGUAGE_STANDARD = gnu11;
				GCC_NO_COMMON_BLOCKS = YES;
				GCC_WARN_64_TO_32_BIT_CONVERSION = YES;
				GCC_WARN_ABOUT_RETURN_TYPE = YES_ERROR;
				GCC_WARN_UNDECLARED_SELECTOR = YES;
				GCC_WARN_UNINITIALIZED_AUTOS = YES_AGGRESSIVE;
				GCC_WARN_UNUSED_FUNCTION = YES;
				GCC_WARN_UNUSED_VARIABLE = YES;
				MACOSX_DEPLOYMENT_TARGET = 10.13;
				MTL_ENABLE_DEBUG_INFO = NO;
				MTL_FAST_MATH = YES;
				SDKROOT = macosx;
			};
			name = Release;
		};
/* End XCBuildConfiguration section */

/* Begin XCConfigurationList section */
		404879F8246C402B00B776FA /* Build configuration list for PBXNativeTarget "OpenSupaplex" */ = {
			isa = XCConfigurationList;
			buildConfigurations = (
				404879F9246C402B00B776FA /* Debug */,
				404879FA246C402B00B776FA /* Release */,
			);
			defaultConfigurationIsVisible = 0;
			defaultConfigurationName = Release;
		};
		40564347247032640042F34B /* Build configuration list for PBXNativeTarget "OpenSupaplex-sandboxed" */ = {
			isa = XCConfigurationList;
			buildConfigurations = (
				40564348247032640042F34B /* Debug */,
				40564349247032640042F34B /* Release */,
			);
			defaultConfigurationIsVisible = 0;
			defaultConfigurationName = Release;
		};
		40C0D72724196126004742A9 /* Build configuration list for PBXProject "OpenSupaplex" */ = {
			isa = XCConfigurationList;
			buildConfigurations = (
				40C0D73124196126004742A9 /* Debug */,
				40C0D73224196126004742A9 /* Release */,
			);
			defaultConfigurationIsVisible = 0;
			defaultConfigurationName = Release;
		};
/* End XCConfigurationList section */
	};
	rootObject = 40C0D72424196126004742A9 /* Project object */;
}
