// !$*UTF8*$!
{
	archiveVersion = 1;
	classes = {
	};
	objectVersion = 50;
	objects = {

/* Begin PBXBuildFile section */
		404879F0246C402B00B776FA /* Assets.xcassets in Resources */ = {isa = PBXBuildFile; fileRef = 404879EF246C402B00B776FA /* Assets.xcassets */; };
		404879FB246C403A00B776FA /* ini.c in Sources */ = {isa = PBXBuildFile; fileRef = 40DA3CFB2468BEF900D4A308 /* ini.c */; };
		404879FC246C403A00B776FA /* controller.c in Sources */ = {isa = PBXBuildFile; fileRef = 4062C244244CE5D4007A07F5 /* controller.c */; };
		404879FD246C403A00B776FA /* supaplex.c in Sources */ = {isa = PBXBuildFile; fileRef = 4062C246244CE5D5007A07F5 /* supaplex.c */; };
		404879FF246C403A00B776FA /* touchscreen.c in Sources */ = {isa = PBXBuildFile; fileRef = 4001459D245F7B5A00620211 /* touchscreen.c */; };
		40487A00246C403A00B776FA /* logging.c in Sources */ = {isa = PBXBuildFile; fileRef = 400145A0245F7EBF00620211 /* logging.c */; };
		40487A01246C403A00B776FA /* nullVirtualKeyboard.c in Sources */ = {isa = PBXBuildFile; fileRef = 400145A3245FEDF200620211 /* nullVirtualKeyboard.c */; };
		40487A02246C403A00B776FA /* video.c in Sources */ = {isa = PBXBuildFile; fileRef = 400145A72461A59D00620211 /* video.c */; };
		40487A03246C403A00B776FA /* utils.c in Sources */ = {isa = PBXBuildFile; fileRef = 400145AB2462CE9F00620211 /* utils.c */; };
		40487A04246C403A00B776FA /* audio.c in Sources */ = {isa = PBXBuildFile; fileRef = 40C8290D24673197003A103E /* audio.c */; };
		40487A05246C403A00B776FA /* menu.c in Sources */ = {isa = PBXBuildFile; fileRef = 40DA3CF72468717400D4A308 /* menu.c */; };
		40487A06246C403A00B776FA /* config.c in Sources */ = {isa = PBXBuildFile; fileRef = 40DA3D022469C03000D4A308 /* config.c */; };
		40487A07246C403A00B776FA /* input.c in Sources */ = {isa = PBXBuildFile; fileRef = 404879C0246B51E600B776FA /* input.c */; };
		40487A08246C403A00B776FA /* conditionals.c in Sources */ = {isa = PBXBuildFile; fileRef = 404879C3246B609900B776FA /* conditionals.c */; };
		40487A83246CB32400B776FA /* file.m in Sources */ = {isa = PBXBuildFile; fileRef = 40487A82246CB32400B776FA /* file.m */; };
		40487A85246CB5D200B776FA /* audio in Resources */ = {isa = PBXBuildFile; fileRef = 40487A84246CB5D200B776FA /* audio */; };
		40487AA2246CB5F700B776FA /* GFX.DAT in Resources */ = {isa = PBXBuildFile; fileRef = 40487A86246CB5F500B776FA /* GFX.DAT */; };
		40487AA3246CB5F700B776FA /* TITLE.DAT in Resources */ = {isa = PBXBuildFile; fileRef = 40487A87246CB5F500B776FA /* TITLE.DAT */; };
		40487AA4246CB5F700B776FA /* CONTROLS.DAT in Resources */ = {isa = PBXBuildFile; fileRef = 40487A88246CB5F500B776FA /* CONTROLS.DAT */; };
		40487AA5246CB5F700B776FA /* BACK.DAT in Resources */ = {isa = PBXBuildFile; fileRef = 40487A89246CB5F500B776FA /* BACK.DAT */; };
		40487AA6246CB5F700B776FA /* DEMO1.BIN in Resources */ = {isa = PBXBuildFile; fileRef = 40487A8A246CB5F500B776FA /* DEMO1.BIN */; };
		40487AA7246CB5F700B776FA /* PALETTES.DAT in Resources */ = {isa = PBXBuildFile; fileRef = 40487A8B246CB5F500B776FA /* PALETTES.DAT */; };
		40487AA8246CB5F700B776FA /* DEMO5.BIN in Resources */ = {isa = PBXBuildFile; fileRef = 40487A8C246CB5F500B776FA /* DEMO5.BIN */; };
		40487AA9246CB5F700B776FA /* PANEL.DAT in Resources */ = {isa = PBXBuildFile; fileRef = 40487A8D246CB5F500B776FA /* PANEL.DAT */; };
		40487AAA246CB5F700B776FA /* CHARS6.DAT in Resources */ = {isa = PBXBuildFile; fileRef = 40487A8E246CB5F500B776FA /* CHARS6.DAT */; };
		40487AAB246CB5F700B776FA /* DEMO0.BIN in Resources */ = {isa = PBXBuildFile; fileRef = 40487A8F246CB5F500B776FA /* DEMO0.BIN */; };
		40487AAC246CB5F700B776FA /* README.TXT in Resources */ = {isa = PBXBuildFile; fileRef = 40487A90246CB5F500B776FA /* README.TXT */; };
		40487AAD246CB5F700B776FA /* DEMO7.BIN in Resources */ = {isa = PBXBuildFile; fileRef = 40487A91246CB5F600B776FA /* DEMO7.BIN */; };
		40487AAE246CB5F700B776FA /* SPFIX63.DOC in Resources */ = {isa = PBXBuildFile; fileRef = 40487A92246CB5F600B776FA /* SPFIX63.DOC */; };
		40487AAF246CB5F700B776FA /* MENU.DAT in Resources */ = {isa = PBXBuildFile; fileRef = 40487A93246CB5F600B776FA /* MENU.DAT */; };
		40487AB0246CB5F700B776FA /* CHARS8.DAT in Resources */ = {isa = PBXBuildFile; fileRef = 40487A94246CB5F600B776FA /* CHARS8.DAT */; };
		40487AB1246CB5F700B776FA /* DEMO2.BIN in Resources */ = {isa = PBXBuildFile; fileRef = 40487A95246CB5F600B776FA /* DEMO2.BIN */; };
		40487AB2246CB5F700B776FA /* DEMO3.BIN in Resources */ = {isa = PBXBuildFile; fileRef = 40487A96246CB5F600B776FA /* DEMO3.BIN */; };
		40487AB3246CB5F700B776FA /* DEMO6.BIN in Resources */ = {isa = PBXBuildFile; fileRef = 40487A97246CB5F600B776FA /* DEMO6.BIN */; };
		40487AB4246CB5F700B776FA /* DEMO8.BIN in Resources */ = {isa = PBXBuildFile; fileRef = 40487A98246CB5F600B776FA /* DEMO8.BIN */; };
		40487AB5246CB5F700B776FA /* MOVING.DAT in Resources */ = {isa = PBXBuildFile; fileRef = 40487A99246CB5F600B776FA /* MOVING.DAT */; };
		40487AB6246CB5F700B776FA /* DEMO4.BIN in Resources */ = {isa = PBXBuildFile; fileRef = 40487A9A246CB5F600B776FA /* DEMO4.BIN */; };
		40487AB7246CB5F700B776FA /* TITLE1.DAT in Resources */ = {isa = PBXBuildFile; fileRef = 40487A9B246CB5F600B776FA /* TITLE1.DAT */; };
		40487AB8246CB5F700B776FA /* LEVEL.LST in Resources */ = {isa = PBXBuildFile; fileRef = 40487A9C246CB5F600B776FA /* LEVEL.LST */; };
		40487AB9246CB5F700B776FA /* TITLE2.DAT in Resources */ = {isa = PBXBuildFile; fileRef = 40487A9D246CB5F600B776FA /* TITLE2.DAT */; };
		40487ABA246CB5F700B776FA /* myspsig.txt in Resources */ = {isa = PBXBuildFile; fileRef = 40487A9E246CB5F600B776FA /* myspsig.txt */; };
		40487ABB246CB5F700B776FA /* FIXED.DAT in Resources */ = {isa = PBXBuildFile; fileRef = 40487A9F246CB5F600B776FA /* FIXED.DAT */; };
		40487ABC246CB5F700B776FA /* DEMO9.BIN in Resources */ = {isa = PBXBuildFile; fileRef = 40487AA0246CB5F700B776FA /* DEMO9.BIN */; };
		40487ABD246CB5F700B776FA /* LEVELS.DAT in Resources */ = {isa = PBXBuildFile; fileRef = 40487AA1246CB5F700B776FA /* LEVELS.DAT */; };
		40517B152473EC57004E2435 /* graphics.c in Sources */ = {isa = PBXBuildFile; fileRef = 40517B142473EC57004E2435 /* graphics.c */; };
		40517B162473EC57004E2435 /* graphics.c in Sources */ = {isa = PBXBuildFile; fileRef = 40517B142473EC57004E2435 /* graphics.c */; };
		4056430D246F49CE0042F34B /* commandLineParser.c in Sources */ = {isa = PBXBuildFile; fileRef = 4056430C246F49CE0042F34B /* commandLineParser.c */; };
		40564310246F4A9A0042F34B /* globals.c in Sources */ = {isa = PBXBuildFile; fileRef = 4056430F246F4A9A0042F34B /* globals.c */; };
		40564313246F5DB60042F34B /* demo.c in Sources */ = {isa = PBXBuildFile; fileRef = 40564312246F5DB60042F34B /* demo.c */; };
		40564316247032640042F34B /* commandLineParser.c in Sources */ = {isa = PBXBuildFile; fileRef = 4056430C246F49CE0042F34B /* commandLineParser.c */; };
		40564317247032640042F34B /* menu.c in Sources */ = {isa = PBXBuildFile; fileRef = 40DA3CF72468717400D4A308 /* menu.c */; };
		40564318247032640042F34B /* ini.c in Sources */ = {isa = PBXBuildFile; fileRef = 40DA3CFB2468BEF900D4A308 /* ini.c */; };
		40564319247032640042F34B /* logging.c in Sources */ = {isa = PBXBuildFile; fileRef = 400145A0245F7EBF00620211 /* logging.c */; };
		4056431A247032640042F34B /* controller.c in Sources */ = {isa = PBXBuildFile; fileRef = 4062C244244CE5D4007A07F5 /* controller.c */; };
		4056431B247032640042F34B /* supaplex.c in Sources */ = {isa = PBXBuildFile; fileRef = 4062C246244CE5D5007A07F5 /* supaplex.c */; };
		4056431C247032640042F34B /* conditionals.c in Sources */ = {isa = PBXBuildFile; fileRef = 404879C3246B609900B776FA /* conditionals.c */; };
		4056431D247032640042F34B /* video.c in Sources */ = {isa = PBXBuildFile; fileRef = 400145A72461A59D00620211 /* video.c */; };
		4056431E247032640042F34B /* audio.c in Sources */ = {isa = PBXBuildFile; fileRef = 40C8290D24673197003A103E /* audio.c */; };
		4056431F247032640042F34B /* touchscreen.c in Sources */ = {isa = PBXBuildFile; fileRef = 4001459D245F7B5A00620211 /* touchscreen.c */; };
		40564320247032640042F34B /* config.c in Sources */ = {isa = PBXBuildFile; fileRef = 40DA3D022469C03000D4A308 /* config.c */; };
		40564321247032640042F34B /* demo.c in Sources */ = {isa = PBXBuildFile; fileRef = 40564312246F5DB60042F34B /* demo.c */; };
		40564322247032640042F34B /* file.m in Sources */ = {isa = PBXBuildFile; fileRef = 40487A82246CB32400B776FA /* file.m */; };
		40564323247032640042F34B /* nullVirtualKeyboard.c in Sources */ = {isa = PBXBuildFile; fileRef = 400145A3245FEDF200620211 /* nullVirtualKeyboard.c */; };
		40564324247032640042F34B /* input.c in Sources */ = {isa = PBXBuildFile; fileRef = 404879C0246B51E600B776FA /* input.c */; };
		40564325247032640042F34B /* globals.c in Sources */ = {isa = PBXBuildFile; fileRef = 4056430F246F4A9A0042F34B /* globals.c */; };
		40564326247032640042F34B /* utils.c in Sources */ = {isa = PBXBuildFile; fileRef = 400145AB2462CE9F00620211 /* utils.c */; };
		40564329247032640042F34B /* DEMO5.BIN in Resources */ = {isa = PBXBuildFile; fileRef = 40487A8C246CB5F500B776FA /* DEMO5.BIN */; };
		4056432A247032640042F34B /* PANEL.DAT in Resources */ = {isa = PBXBuildFile; fileRef = 40487A8D246CB5F500B776FA /* PANEL.DAT */; };
		4056432B247032640042F34B /* SPFIX63.DOC in Resources */ = {isa = PBXBuildFile; fileRef = 40487A92246CB5F600B776FA /* SPFIX63.DOC */; };
		4056432C247032640042F34B /* PALETTES.DAT in Resources */ = {isa = PBXBuildFile; fileRef = 40487A8B246CB5F500B776FA /* PALETTES.DAT */; };
		4056432D247032640042F34B /* DEMO3.BIN in Resources */ = {isa = PBXBuildFile; fileRef = 40487A96246CB5F600B776FA /* DEMO3.BIN */; };
		4056432E247032640042F34B /* myspsig.txt in Resources */ = {isa = PBXBuildFile; fileRef = 40487A9E246CB5F600B776FA /* myspsig.txt */; };
		4056432F247032640042F34B /* TITLE2.DAT in Resources */ = {isa = PBXBuildFile; fileRef = 40487A9D246CB5F600B776FA /* TITLE2.DAT */; };
		40564330247032640042F34B /* audio in Resources */ = {isa = PBXBuildFile; fileRef = 40487A84246CB5D200B776FA /* audio */; };
		40564331247032640042F34B /* README.TXT in Resources */ = {isa = PBXBuildFile; fileRef = 40487A90246CB5F500B776FA /* README.TXT */; };
		40564332247032640042F34B /* TITLE1.DAT in Resources */ = {isa = PBXBuildFile; fileRef = 40487A9B246CB5F600B776FA /* TITLE1.DAT */; };
		40564333247032640042F34B /* TITLE.DAT in Resources */ = {isa = PBXBuildFile; fileRef = 40487A87246CB5F500B776FA /* TITLE.DAT */; };
		40564334247032640042F34B /* DEMO7.BIN in Resources */ = {isa = PBXBuildFile; fileRef = 40487A91246CB5F600B776FA /* DEMO7.BIN */; };
		40564335247032640042F34B /* DEMO9.BIN in Resources */ = {isa = PBXBuildFile; fileRef = 40487AA0246CB5F700B776FA /* DEMO9.BIN */; };
		40564336247032640042F34B /* DEMO4.BIN in Resources */ = {isa = PBXBuildFile; fileRef = 40487A9A246CB5F600B776FA /* DEMO4.BIN */; };
		40564337247032640042F34B /* BACK.DAT in Resources */ = {isa = PBXBuildFile; fileRef = 40487A89246CB5F500B776FA /* BACK.DAT */; };
		40564338247032640042F34B /* DEMO0.BIN in Resources */ = {isa = PBXBuildFile; fileRef = 40487A8F246CB5F500B776FA /* DEMO0.BIN */; };
		40564339247032640042F34B /* MENU.DAT in Resources */ = {isa = PBXBuildFile; fileRef = 40487A93246CB5F600B776FA /* MENU.DAT */; };
		4056433A247032640042F34B /* DEMO6.BIN in Resources */ = {isa = PBXBuildFile; fileRef = 40487A97246CB5F600B776FA /* DEMO6.BIN */; };
		4056433B247032640042F34B /* Assets.xcassets in Resources */ = {isa = PBXBuildFile; fileRef = 404879EF246C402B00B776FA /* Assets.xcassets */; };
		4056433C247032640042F34B /* CHARS8.DAT in Resources */ = {isa = PBXBuildFile; fileRef = 40487A94246CB5F600B776FA /* CHARS8.DAT */; };
		4056433D247032640042F34B /* DEMO8.BIN in Resources */ = {isa = PBXBuildFile; fileRef = 40487A98246CB5F600B776FA /* DEMO8.BIN */; };
		4056433E247032640042F34B /* MOVING.DAT in Resources */ = {isa = PBXBuildFile; fileRef = 40487A99246CB5F600B776FA /* MOVING.DAT */; };
		4056433F247032640042F34B /* DEMO2.BIN in Resources */ = {isa = PBXBuildFile; fileRef = 40487A95246CB5F600B776FA /* DEMO2.BIN */; };
		40564340247032640042F34B /* FIXED.DAT in Resources */ = {isa = PBXBuildFile; fileRef = 40487A9F246CB5F600B776FA /* FIXED.DAT */; };
		40564341247032640042F34B /* CONTROLS.DAT in Resources */ = {isa = PBXBuildFile; fileRef = 40487A88246CB5F500B776FA /* CONTROLS.DAT */; };
		40564342247032640042F34B /* LEVELS.DAT in Resources */ = {isa = PBXBuildFile; fileRef = 40487AA1246CB5F700B776FA /* LEVELS.DAT */; };
		40564343247032640042F34B /* CHARS6.DAT in Resources */ = {isa = PBXBuildFile; fileRef = 40487A8E246CB5F500B776FA /* CHARS6.DAT */; };
		40564344247032640042F34B /* DEMO1.BIN in Resources */ = {isa = PBXBuildFile; fileRef = 40487A8A246CB5F500B776FA /* DEMO1.BIN */; };
		40564345247032640042F34B /* LEVEL.LST in Resources */ = {isa = PBXBuildFile; fileRef = 40487A9C246CB5F600B776FA /* LEVEL.LST */; };
		40564346247032640042F34B /* GFX.DAT in Resources */ = {isa = PBXBuildFile; fileRef = 40487A86246CB5F500B776FA /* GFX.DAT */; };
		40E6995424787DAE000ADD53 /* savegame.c in Sources */ = {isa = PBXBuildFile; fileRef = 40E6995324787DAE000ADD53 /* savegame.c */; };
		40E6995524787DAE000ADD53 /* savegame.c in Sources */ = {isa = PBXBuildFile; fileRef = 40E6995324787DAE000ADD53 /* savegame.c */; };
/* End PBXBuildFile section */

/* Begin PBXFileReference section */
		4001459C245F7B5A00620211 /* touchscreen.h */ = {isa = PBXFileReference; lastKnownFileType = sourcecode.c.h; name = touchscreen.h; path = ../../../src/touchscreen.h; sourceTree = "<group>"; };
		4001459D245F7B5A00620211 /* touchscreen.c */ = {isa = PBXFileReference; lastKnownFileType = sourcecode.c.c; name = touchscreen.c; path = ../../../src/touchscreen.c; sourceTree = "<group>"; };
		4001459F245F7EBF00620211 /* logging.h */ = {isa = PBXFileReference; lastKnownFileType = sourcecode.c.h; name = logging.h; path = ../../../src/logging.h; sourceTree = "<group>"; };
		400145A0245F7EBF00620211 /* logging.c */ = {isa = PBXFileReference; lastKnownFileType = sourcecode.c.c; name = logging.c; path = ../../../src/logging.c; sourceTree = "<group>"; };
		400145A2245FEDF200620211 /* virtualKeyboard.h */ = {isa = PBXFileReference; lastKnownFileType = sourcecode.c.h; name = virtualKeyboard.h; path = ../../../src/virtualKeyboard.h; sourceTree = "<group>"; };
		400145A3245FEDF200620211 /* nullVirtualKeyboard.c */ = {isa = PBXFileReference; lastKnownFileType = sourcecode.c.c; name = nullVirtualKeyboard.c; path = ../../../src/nullVirtualKeyboard.c; sourceTree = "<group>"; };
		400145A62461A59D00620211 /* video.h */ = {isa = PBXFileReference; lastKnownFileType = sourcecode.c.h; name = video.h; path = ../../../src/video.h; sourceTree = "<group>"; };
		400145A72461A59D00620211 /* video.c */ = {isa = PBXFileReference; lastKnownFileType = sourcecode.c.c; name = video.c; path = ../../../src/video.c; sourceTree = "<group>"; };
		400145AA2462CE9F00620211 /* utils.h */ = {isa = PBXFileReference; lastKnownFileType = sourcecode.c.h; name = utils.h; path = ../../../src/utils.h; sourceTree = "<group>"; };
		400145AB2462CE9F00620211 /* utils.c */ = {isa = PBXFileReference; lastKnownFileType = sourcecode.c.c; name = utils.c; path = ../../../src/utils.c; sourceTree = "<group>"; };
		404879BF246B51E600B776FA /* input.h */ = {isa = PBXFileReference; lastKnownFileType = sourcecode.c.h; name = input.h; path = ../../../src/input.h; sourceTree = "<group>"; };
		404879C0246B51E600B776FA /* input.c */ = {isa = PBXFileReference; lastKnownFileType = sourcecode.c.c; name = input.c; path = ../../../src/input.c; sourceTree = "<group>"; };
		404879C2246B5FF500B776FA /* conditionals.h */ = {isa = PBXFileReference; lastKnownFileType = sourcecode.c.h; name = conditionals.h; path = ../../../src/conditionals.h; sourceTree = "<group>"; };
		404879C3246B609900B776FA /* conditionals.c */ = {isa = PBXFileReference; fileEncoding = 4; lastKnownFileType = sourcecode.c.c; name = conditionals.c; path = ../../../src/conditionals.c; sourceTree = "<group>"; };
		404879E5246C3FDC00B776FA /* macOS-Info.plist */ = {isa = PBXFileReference; lastKnownFileType = text.plist.xml; path = "macOS-Info.plist"; sourceTree = "<group>"; };
		404879EA246C402900B776FA /* OpenSupaplex.app */ = {isa = PBXFileReference; explicitFileType = wrapper.application; includeInIndex = 0; path = OpenSupaplex.app; sourceTree = BUILT_PRODUCTS_DIR; };
		404879EF246C402B00B776FA /* Assets.xcassets */ = {isa = PBXFileReference; lastKnownFileType = folder.assetcatalog; path = Assets.xcassets; sourceTree = "<group>"; };
		40487A82246CB32400B776FA /* file.m */ = {isa = PBXFileReference; fileEncoding = 4; lastKnownFileType = sourcecode.c.objc; name = file.m; path = ../../../src/apple/file.m; sourceTree = "<group>"; };
		40487A84246CB5D200B776FA /* audio */ = {isa = PBXFileReference; lastKnownFileType = folder; name = audio; path = ../../resources/audio; sourceTree = "<group>"; };
		40487A86246CB5F500B776FA /* GFX.DAT */ = {isa = PBXFileReference; lastKnownFileType = file; name = GFX.DAT; path = ../../resources/GFX.DAT; sourceTree = "<group>"; };
		40487A87246CB5F500B776FA /* TITLE.DAT */ = {isa = PBXFileReference; lastKnownFileType = file; name = TITLE.DAT; path = ../../resources/TITLE.DAT; sourceTree = "<group>"; };
		40487A88246CB5F500B776FA /* CONTROLS.DAT */ = {isa = PBXFileReference; lastKnownFileType = file; name = CONTROLS.DAT; path = ../../resources/CONTROLS.DAT; sourceTree = "<group>"; };
		40487A89246CB5F500B776FA /* BACK.DAT */ = {isa = PBXFileReference; lastKnownFileType = file; name = BACK.DAT; path = ../../resources/BACK.DAT; sourceTree = "<group>"; };
		40487A8A246CB5F500B776FA /* DEMO1.BIN */ = {isa = PBXFileReference; lastKnownFileType = archive.macbinary; name = DEMO1.BIN; path = ../../resources/DEMO1.BIN; sourceTree = "<group>"; };
		40487A8B246CB5F500B776FA /* PALETTES.DAT */ = {isa = PBXFileReference; lastKnownFileType = file; name = PALETTES.DAT; path = ../../resources/PALETTES.DAT; sourceTree = "<group>"; };
		40487A8C246CB5F500B776FA /* DEMO5.BIN */ = {isa = PBXFileReference; lastKnownFileType = archive.macbinary; name = DEMO5.BIN; path = ../../resources/DEMO5.BIN; sourceTree = "<group>"; };
		40487A8D246CB5F500B776FA /* PANEL.DAT */ = {isa = PBXFileReference; lastKnownFileType = file; name = PANEL.DAT; path = ../../resources/PANEL.DAT; sourceTree = "<group>"; };
		40487A8E246CB5F500B776FA /* CHARS6.DAT */ = {isa = PBXFileReference; lastKnownFileType = file; name = CHARS6.DAT; path = ../../resources/CHARS6.DAT; sourceTree = "<group>"; };
		40487A8F246CB5F500B776FA /* DEMO0.BIN */ = {isa = PBXFileReference; lastKnownFileType = archive.macbinary; name = DEMO0.BIN; path = ../../resources/DEMO0.BIN; sourceTree = "<group>"; };
		40487A90246CB5F500B776FA /* README.TXT */ = {isa = PBXFileReference; fileEncoding = 4; lastKnownFileType = text; name = README.TXT; path = ../../resources/README.TXT; sourceTree = "<group>"; };
		40487A91246CB5F600B776FA /* DEMO7.BIN */ = {isa = PBXFileReference; lastKnownFileType = archive.macbinary; name = DEMO7.BIN; path = ../../resources/DEMO7.BIN; sourceTree = "<group>"; };
		40487A92246CB5F600B776FA /* SPFIX63.DOC */ = {isa = PBXFileReference; fileEncoding = 4; lastKnownFileType = text; name = SPFIX63.DOC; path = ../../resources/SPFIX63.DOC; sourceTree = "<group>"; };
		40487A93246CB5F600B776FA /* MENU.DAT */ = {isa = PBXFileReference; lastKnownFileType = file; name = MENU.DAT; path = ../../resources/MENU.DAT; sourceTree = "<group>"; };
		40487A94246CB5F600B776FA /* CHARS8.DAT */ = {isa = PBXFileReference; lastKnownFileType = file; name = CHARS8.DAT; path = ../../resources/CHARS8.DAT; sourceTree = "<group>"; };
		40487A95246CB5F600B776FA /* DEMO2.BIN */ = {isa = PBXFileReference; lastKnownFileType = archive.macbinary; name = DEMO2.BIN; path = ../../resources/DEMO2.BIN; sourceTree = "<group>"; };
		40487A96246CB5F600B776FA /* DEMO3.BIN */ = {isa = PBXFileReference; lastKnownFileType = archive.macbinary; name = DEMO3.BIN; path = ../../resources/DEMO3.BIN; sourceTree = "<group>"; };
		40487A97246CB5F600B776FA /* DEMO6.BIN */ = {isa = PBXFileReference; lastKnownFileType = archive.macbinary; name = DEMO6.BIN; path = ../../resources/DEMO6.BIN; sourceTree = "<group>"; };
		40487A98246CB5F600B776FA /* DEMO8.BIN */ = {isa = PBXFileReference; lastKnownFileType = archive.macbinary; name = DEMO8.BIN; path = ../../resources/DEMO8.BIN; sourceTree = "<group>"; };
		40487A99246CB5F600B776FA /* MOVING.DAT */ = {isa = PBXFileReference; lastKnownFileType = file; name = MOVING.DAT; path = ../../resources/MOVING.DAT; sourceTree = "<group>"; };
		40487A9A246CB5F600B776FA /* DEMO4.BIN */ = {isa = PBXFileReference; lastKnownFileType = archive.macbinary; name = DEMO4.BIN; path = ../../resources/DEMO4.BIN; sourceTree = "<group>"; };
		40487A9B246CB5F600B776FA /* TITLE1.DAT */ = {isa = PBXFileReference; lastKnownFileType = file; name = TITLE1.DAT; path = ../../resources/TITLE1.DAT; sourceTree = "<group>"; };
		40487A9C246CB5F600B776FA /* LEVEL.LST */ = {isa = PBXFileReference; fileEncoding = 4; lastKnownFileType = text; name = LEVEL.LST; path = ../../resources/LEVEL.LST; sourceTree = "<group>"; };
		40487A9D246CB5F600B776FA /* TITLE2.DAT */ = {isa = PBXFileReference; lastKnownFileType = file; name = TITLE2.DAT; path = ../../resources/TITLE2.DAT; sourceTree = "<group>"; };
		40487A9E246CB5F600B776FA /* myspsig.txt */ = {isa = PBXFileReference; fileEncoding = 4; lastKnownFileType = text; name = myspsig.txt; path = ../../resources/myspsig.txt; sourceTree = "<group>"; };
		40487A9F246CB5F600B776FA /* FIXED.DAT */ = {isa = PBXFileReference; lastKnownFileType = file; name = FIXED.DAT; path = ../../resources/FIXED.DAT; sourceTree = "<group>"; };
		40487AA0246CB5F700B776FA /* DEMO9.BIN */ = {isa = PBXFileReference; lastKnownFileType = archive.macbinary; name = DEMO9.BIN; path = ../../resources/DEMO9.BIN; sourceTree = "<group>"; };
		40487AA1246CB5F700B776FA /* LEVELS.DAT */ = {isa = PBXFileReference; lastKnownFileType = file; name = LEVELS.DAT; path = ../../resources/LEVELS.DAT; sourceTree = "<group>"; };
		40487ABE246CB6DC00B776FA /* OpenSupaplex.entitlements */ = {isa = PBXFileReference; lastKnownFileType = text.plist.entitlements; name = OpenSupaplex.entitlements; path = OpenSupaplex/OpenSupaplex.entitlements; sourceTree = "<group>"; };
		40517B132473EC57004E2435 /* graphics.h */ = {isa = PBXFileReference; lastKnownFileType = sourcecode.c.h; name = graphics.h; path = ../../../src/graphics.h; sourceTree = "<group>"; };
		40517B142473EC57004E2435 /* graphics.c */ = {isa = PBXFileReference; lastKnownFileType = sourcecode.c.c; name = graphics.c; path = ../../../src/graphics.c; sourceTree = "<group>"; };
		4056430B246F49CE0042F34B /* commandLineParser.h */ = {isa = PBXFileReference; lastKnownFileType = sourcecode.c.h; name = commandLineParser.h; path = ../../../src/commandLineParser.h; sourceTree = "<group>"; };
		4056430C246F49CE0042F34B /* commandLineParser.c */ = {isa = PBXFileReference; lastKnownFileType = sourcecode.c.c; name = commandLineParser.c; path = ../../../src/commandLineParser.c; sourceTree = "<group>"; };
		4056430E246F4A9A0042F34B /* globals.h */ = {isa = PBXFileReference; lastKnownFileType = sourcecode.c.h; name = globals.h; path = ../../../src/globals.h; sourceTree = "<group>"; };
		4056430F246F4A9A0042F34B /* globals.c */ = {isa = PBXFileReference; lastKnownFileType = sourcecode.c.c; name = globals.c; path = ../../../src/globals.c; sourceTree = "<group>"; };
		40564311246F5DB60042F34B /* demo.h */ = {isa = PBXFileReference; lastKnownFileType = sourcecode.c.h; name = demo.h; path = ../../../src/demo.h; sourceTree = "<group>"; };
		40564312246F5DB60042F34B /* demo.c */ = {isa = PBXFileReference; lastKnownFileType = sourcecode.c.c; name = demo.c; path = ../../../src/demo.c; sourceTree = "<group>"; };
		4056434A247032640042F34B /* OpenSupaplex-sandboxed.app */ = {isa = PBXFileReference; explicitFileType = wrapper.application; includeInIndex = 0; path = "OpenSupaplex-sandboxed.app"; sourceTree = BUILT_PRODUCTS_DIR; };
		4056434B247032640042F34B /* macOS-sandboxed-Info.plist */ = {isa = PBXFileReference; lastKnownFileType = text.plist.xml; name = "macOS-sandboxed-Info.plist"; path = "/Users/spadrino/Development/open-supaplex/macos/OpenSupaplex/macOS-sandboxed-Info.plist"; sourceTree = "<absolute>"; };
		4062C244244CE5D4007A07F5 /* controller.c */ = {isa = PBXFileReference; fileEncoding = 4; lastKnownFileType = sourcecode.c.c; name = controller.c; path = ../../../src/controller.c; sourceTree = "<group>"; };
		4062C245244CE5D5007A07F5 /* controller.h */ = {isa = PBXFileReference; fileEncoding = 4; lastKnownFileType = sourcecode.c.h; name = controller.h; path = ../../../src/controller.h; sourceTree = "<group>"; };
		4062C246244CE5D5007A07F5 /* supaplex.c */ = {isa = PBXFileReference; fileEncoding = 4; lastKnownFileType = sourcecode.c.c; name = supaplex.c; path = ../../../src/supaplex.c; sourceTree = "<group>"; };
		4062C24A244F00CA007A07F5 /* file.h */ = {isa = PBXFileReference; lastKnownFileType = sourcecode.c.h; name = file.h; path = ../../../src/file.h; sourceTree = "<group>"; };
		40C8290C24673197003A103E /* audio.h */ = {isa = PBXFileReference; lastKnownFileType = sourcecode.c.h; name = audio.h; path = ../../../src/audio.h; sourceTree = "<group>"; };
		40C8290D24673197003A103E /* audio.c */ = {isa = PBXFileReference; lastKnownFileType = sourcecode.c.c; name = audio.c; path = ../../../src/audio.c; sourceTree = "<group>"; };
		40DA3CF62468717400D4A308 /* menu.h */ = {isa = PBXFileReference; lastKnownFileType = sourcecode.c.h; name = menu.h; path = ../../../src/menu.h; sourceTree = "<group>"; };
		40DA3CF72468717400D4A308 /* menu.c */ = {isa = PBXFileReference; lastKnownFileType = sourcecode.c.c; name = menu.c; path = ../../../src/menu.c; sourceTree = "<group>"; };
		40DA3CFB2468BEF900D4A308 /* ini.c */ = {isa = PBXFileReference; fileEncoding = 4; lastKnownFileType = sourcecode.c.c; path = ini.c; sourceTree = "<group>"; };
		40DA3CFE2468BEF900D4A308 /* ini.h */ = {isa = PBXFileReference; fileEncoding = 4; lastKnownFileType = sourcecode.c.h; path = ini.h; sourceTree = "<group>"; };
		40DA3D012469C03000D4A308 /* config.h */ = {isa = PBXFileReference; lastKnownFileType = sourcecode.c.h; name = config.h; path = ../../../src/config.h; sourceTree = "<group>"; };
		40DA3D022469C03000D4A308 /* config.c */ = {isa = PBXFileReference; lastKnownFileType = sourcecode.c.c; name = config.c; path = ../../../src/config.c; sourceTree = "<group>"; };
		40E6995224787DAE000ADD53 /* savegame.h */ = {isa = PBXFileReference; lastKnownFileType = sourcecode.c.h; name = savegame.h; path = ../../../src/savegame.h; sourceTree = "<group>"; };
		40E6995324787DAE000ADD53 /* savegame.c */ = {isa = PBXFileReference; lastKnownFileType = sourcecode.c.c; name = savegame.c; path = ../../../src/savegame.c; sourceTree = "<group>"; };
/* End PBXFileReference section */

/* Begin PBXFrameworksBuildPhase section */
		404879E7246C402900B776FA /* Frameworks */ = {
			isa = PBXFrameworksBuildPhase;
			buildActionMask = 2147483647;
			files = (
			);
			runOnlyForDeploymentPostprocessing = 0;
		};
		40564327247032640042F34B /* Frameworks */ = {
			isa = PBXFrameworksBuildPhase;
			buildActionMask = 2147483647;
			files = (
			);
			runOnlyForDeploymentPostprocessing = 0;
		};
/* End PBXFrameworksBuildPhase section */

/* Begin PBXGroup section */
		40487A0A246C432E00B776FA /* Resources */ = {
			isa = PBXGroup;
			children = (
				4056434B247032640042F34B /* macOS-sandboxed-Info.plist */,
				404879E5246C3FDC00B776FA /* macOS-Info.plist */,
				404879EF246C402B00B776FA /* Assets.xcassets */,
				40487ABE246CB6DC00B776FA /* OpenSupaplex.entitlements */,
				40487A84246CB5D200B776FA /* audio */,
				40487A89246CB5F500B776FA /* BACK.DAT */,
				40487A8E246CB5F500B776FA /* CHARS6.DAT */,
				40487A94246CB5F600B776FA /* CHARS8.DAT */,
				40487A88246CB5F500B776FA /* CONTROLS.DAT */,
				40487A8F246CB5F500B776FA /* DEMO0.BIN */,
				40487A8A246CB5F500B776FA /* DEMO1.BIN */,
				40487A95246CB5F600B776FA /* DEMO2.BIN */,
				40487A96246CB5F600B776FA /* DEMO3.BIN */,
				40487A9A246CB5F600B776FA /* DEMO4.BIN */,
				40487A8C246CB5F500B776FA /* DEMO5.BIN */,
				40487A97246CB5F600B776FA /* DEMO6.BIN */,
				40487A91246CB5F600B776FA /* DEMO7.BIN */,
				40487A98246CB5F600B776FA /* DEMO8.BIN */,
				40487AA0246CB5F700B776FA /* DEMO9.BIN */,
				40487A9F246CB5F600B776FA /* FIXED.DAT */,
				40487A86246CB5F500B776FA /* GFX.DAT */,
				40487A9C246CB5F600B776FA /* LEVEL.LST */,
				40487AA1246CB5F700B776FA /* LEVELS.DAT */,
				40487A93246CB5F600B776FA /* MENU.DAT */,
				40487A99246CB5F600B776FA /* MOVING.DAT */,
				40487A9E246CB5F600B776FA /* myspsig.txt */,
				40487A8B246CB5F500B776FA /* PALETTES.DAT */,
				40487A8D246CB5F500B776FA /* PANEL.DAT */,
				40487A90246CB5F500B776FA /* README.TXT */,
				40487A92246CB5F600B776FA /* SPFIX63.DOC */,
				40487A87246CB5F500B776FA /* TITLE.DAT */,
				40487A9B246CB5F600B776FA /* TITLE1.DAT */,
				40487A9D246CB5F600B776FA /* TITLE2.DAT */,
			);
			name = Resources;
			sourceTree = "<group>";
		};
		40C0D72324196126004742A9 = {
			isa = PBXGroup;
			children = (
				40487A0A246C432E00B776FA /* Resources */,
				40C0D72E24196126004742A9 /* OpenSupaplex */,
				40C0D72D24196126004742A9 /* Products */,
				40C0D73824196423004742A9 /* Frameworks */,
			);
			sourceTree = "<group>";
		};
		40C0D72D24196126004742A9 /* Products */ = {
			isa = PBXGroup;
			children = (
				404879EA246C402900B776FA /* OpenSupaplex.app */,
				4056434A247032640042F34B /* OpenSupaplex-sandboxed.app */,
			);
			name = Products;
			sourceTree = "<group>";
		};
		40C0D72E24196126004742A9 /* OpenSupaplex */ = {
			isa = PBXGroup;
			children = (
				40DA3CF92468BEF900D4A308 /* lib */,
				4062C244244CE5D4007A07F5 /* controller.c */,
				4062C245244CE5D5007A07F5 /* controller.h */,
				4062C246244CE5D5007A07F5 /* supaplex.c */,
				4062C24A244F00CA007A07F5 /* file.h */,
				40487A82246CB32400B776FA /* file.m */,
				4001459C245F7B5A00620211 /* touchscreen.h */,
				4001459D245F7B5A00620211 /* touchscreen.c */,
				4001459F245F7EBF00620211 /* logging.h */,
				400145A0245F7EBF00620211 /* logging.c */,
				400145A2245FEDF200620211 /* virtualKeyboard.h */,
				400145A3245FEDF200620211 /* nullVirtualKeyboard.c */,
				400145A62461A59D00620211 /* video.h */,
				400145A72461A59D00620211 /* video.c */,
				400145AA2462CE9F00620211 /* utils.h */,
				400145AB2462CE9F00620211 /* utils.c */,
				40C8290C24673197003A103E /* audio.h */,
				40C8290D24673197003A103E /* audio.c */,
				40DA3CF62468717400D4A308 /* menu.h */,
				40DA3CF72468717400D4A308 /* menu.c */,
				40DA3D012469C03000D4A308 /* config.h */,
				40DA3D022469C03000D4A308 /* config.c */,
				404879BF246B51E600B776FA /* input.h */,
				404879C0246B51E600B776FA /* input.c */,
				404879C2246B5FF500B776FA /* conditionals.h */,
				404879C3246B609900B776FA /* conditionals.c */,
				4056430B246F49CE0042F34B /* commandLineParser.h */,
				4056430C246F49CE0042F34B /* commandLineParser.c */,
				4056430E246F4A9A0042F34B /* globals.h */,
				4056430F246F4A9A0042F34B /* globals.c */,
				40564311246F5DB60042F34B /* demo.h */,
				40564312246F5DB60042F34B /* demo.c */,
				40517B132473EC57004E2435 /* graphics.h */,
				40517B142473EC57004E2435 /* graphics.c */,
				40E6995224787DAE000ADD53 /* savegame.h */,
				40E6995324787DAE000ADD53 /* savegame.c */,
			);
			path = OpenSupaplex;
			sourceTree = "<group>";
		};
		40C0D73824196423004742A9 /* Frameworks */ = {
			isa = PBXGroup;
			children = (
			);
			name = Frameworks;
			sourceTree = "<group>";
		};
		40DA3CF92468BEF900D4A308 /* lib */ = {
			isa = PBXGroup;
			children = (
				40DA3CFA2468BEF900D4A308 /* ini */,
			);
			name = lib;
			path = ../../../src/lib;
			sourceTree = "<group>";
		};
		40DA3CFA2468BEF900D4A308 /* ini */ = {
			isa = PBXGroup;
			children = (
				40DA3CFB2468BEF900D4A308 /* ini.c */,
				40DA3CFE2468BEF900D4A308 /* ini.h */,
			);
			path = ini;
			sourceTree = "<group>";
		};
/* End PBXGroup section */

/* Begin PBXNativeTarget section */
		404879E9246C402900B776FA /* OpenSupaplex */ = {
			isa = PBXNativeTarget;
			buildConfigurationList = 404879F8246C402B00B776FA /* Build configuration list for PBXNativeTarget "OpenSupaplex" */;
			buildPhases = (
				404879E6246C402900B776FA /* Sources */,
				404879E7246C402900B776FA /* Frameworks */,
				404879E8246C402900B776FA /* Resources */,
			);
			buildRules = (
			);
			dependencies = (
			);
			name = OpenSupaplex;
			productName = OpenSupaplex;
			productReference = 404879EA246C402900B776FA /* OpenSupaplex.app */;
			productType = "com.apple.product-type.application";
		};
		40564314247032640042F34B /* OpenSupaplex-sandboxed */ = {
			isa = PBXNativeTarget;
			buildConfigurationList = 40564347247032640042F34B /* Build configuration list for PBXNativeTarget "OpenSupaplex-sandboxed" */;
			buildPhases = (
				40564315247032640042F34B /* Sources */,
				40564327247032640042F34B /* Frameworks */,
				40564328247032640042F34B /* Resources */,
			);
			buildRules = (
			);
			dependencies = (
			);
			name = "OpenSupaplex-sandboxed";
			productName = OpenSupaplex;
			productReference = 4056434A247032640042F34B /* OpenSupaplex-sandboxed.app */;
			productType = "com.apple.product-type.application";
		};
/* End PBXNativeTarget section */

/* Begin PBXProject section */
		40C0D72424196126004742A9 /* Project object */ = {
			isa = PBXProject;
			attributes = {
				LastUpgradeCheck = 1130;
				ORGANIZATIONNAME = Sergio;
				TargetAttributes = {
					404879E9246C402900B776FA = {
						CreatedOnToolsVersion = 11.4.1;
					};
				};
			};
			buildConfigurationList = 40C0D72724196126004742A9 /* Build configuration list for PBXProject "OpenSupaplex" */;
			compatibilityVersion = "Xcode 9.3";
			developmentRegion = en;
			hasScannedForEncodings = 0;
			knownRegions = (
				en,
				Base,
			);
			mainGroup = 40C0D72324196126004742A9;
			productRefGroup = 40C0D72D24196126004742A9 /* Products */;
			projectDirPath = "";
			projectRoot = "";
			targets = (
				404879E9246C402900B776FA /* OpenSupaplex */,
				40564314247032640042F34B /* OpenSupaplex-sandboxed */,
			);
		};
/* End PBXProject section */

/* Begin PBXResourcesBuildPhase section */
		404879E8246C402900B776FA /* Resources */ = {
			isa = PBXResourcesBuildPhase;
			buildActionMask = 2147483647;
			files = (
				40487AA8246CB5F700B776FA /* DEMO5.BIN in Resources */,
				40487AA9246CB5F700B776FA /* PANEL.DAT in Resources */,
				40487AAE246CB5F700B776FA /* SPFIX63.DOC in Resources */,
				40487AA7246CB5F700B776FA /* PALETTES.DAT in Resources */,
				40487AB2246CB5F700B776FA /* DEMO3.BIN in Resources */,
				40487ABA246CB5F700B776FA /* myspsig.txt in Resources */,
				40487AB9246CB5F700B776FA /* TITLE2.DAT in Resources */,
				40487A85246CB5D200B776FA /* audio in Resources */,
				40487AAC246CB5F700B776FA /* README.TXT in Resources */,
				40487AB7246CB5F700B776FA /* TITLE1.DAT in Resources */,
				40487AA3246CB5F700B776FA /* TITLE.DAT in Resources */,
				40487AAD246CB5F700B776FA /* DEMO7.BIN in Resources */,
				40487ABC246CB5F700B776FA /* DEMO9.BIN in Resources */,
				40487AB6246CB5F700B776FA /* DEMO4.BIN in Resources */,
				40487AA5246CB5F700B776FA /* BACK.DAT in Resources */,
				40487AAB246CB5F700B776FA /* DEMO0.BIN in Resources */,
				40487AAF246CB5F700B776FA /* MENU.DAT in Resources */,
				40487AB3246CB5F700B776FA /* DEMO6.BIN in Resources */,
				404879F0246C402B00B776FA /* Assets.xcassets in Resources */,
				40487AB0246CB5F700B776FA /* CHARS8.DAT in Resources */,
				40487AB4246CB5F700B776FA /* DEMO8.BIN in Resources */,
				40487AB5246CB5F700B776FA /* MOVING.DAT in Resources */,
				40487AB1246CB5F700B776FA /* DEMO2.BIN in Resources */,
				40487ABB246CB5F700B776FA /* FIXED.DAT in Resources */,
				40487AA4246CB5F700B776FA /* CONTROLS.DAT in Resources */,
				40487ABD246CB5F700B776FA /* LEVELS.DAT in Resources */,
				40487AAA246CB5F700B776FA /* CHARS6.DAT in Resources */,
				40487AA6246CB5F700B776FA /* DEMO1.BIN in Resources */,
				40487AB8246CB5F700B776FA /* LEVEL.LST in Resources */,
				40487AA2246CB5F700B776FA /* GFX.DAT in Resources */,
			);
			runOnlyForDeploymentPostprocessing = 0;
		};
		40564328247032640042F34B /* Resources */ = {
			isa = PBXResourcesBuildPhase;
			buildActionMask = 2147483647;
			files = (
				40564329247032640042F34B /* DEMO5.BIN in Resources */,
				4056432A247032640042F34B /* PANEL.DAT in Resources */,
				4056432B247032640042F34B /* SPFIX63.DOC in Resources */,
				4056432C247032640042F34B /* PALETTES.DAT in Resources */,
				4056432D247032640042F34B /* DEMO3.BIN in Resources */,
				4056432E247032640042F34B /* myspsig.txt in Resources */,
				4056432F247032640042F34B /* TITLE2.DAT in Resources */,
				40564330247032640042F34B /* audio in Resources */,
				40564331247032640042F34B /* README.TXT in Resources */,
				40564332247032640042F34B /* TITLE1.DAT in Resources */,
				40564333247032640042F34B /* TITLE.DAT in Resources */,
				40564334247032640042F34B /* DEMO7.BIN in Resources */,
				40564335247032640042F34B /* DEMO9.BIN in Resources */,
				40564336247032640042F34B /* DEMO4.BIN in Resources */,
				40564337247032640042F34B /* BACK.DAT in Resources */,
				40564338247032640042F34B /* DEMO0.BIN in Resources */,
				40564339247032640042F34B /* MENU.DAT in Resources */,
				4056433A247032640042F34B /* DEMO6.BIN in Resources */,
				4056433B247032640042F34B /* Assets.xcassets in Resources */,
				4056433C247032640042F34B /* CHARS8.DAT in Resources */,
				4056433D247032640042F34B /* DEMO8.BIN in Resources */,
				4056433E247032640042F34B /* MOVING.DAT in Resources */,
				4056433F247032640042F34B /* DEMO2.BIN in Resources */,
				40564340247032640042F34B /* FIXED.DAT in Resources */,
				40564341247032640042F34B /* CONTROLS.DAT in Resources */,
				40564342247032640042F34B /* LEVELS.DAT in Resources */,
				40564343247032640042F34B /* CHARS6.DAT in Resources */,
				40564344247032640042F34B /* DEMO1.BIN in Resources */,
				40564345247032640042F34B /* LEVEL.LST in Resources */,
				40564346247032640042F34B /* GFX.DAT in Resources */,
			);
			runOnlyForDeploymentPostprocessing = 0;
		};
/* End PBXResourcesBuildPhase section */

/* Begin PBXSourcesBuildPhase section */
		404879E6246C402900B776FA /* Sources */ = {
			isa = PBXSourcesBuildPhase;
			buildActionMask = 2147483647;
			files = (
				4056430D246F49CE0042F34B /* commandLineParser.c in Sources */,
				40487A05246C403A00B776FA /* menu.c in Sources */,
				404879FB246C403A00B776FA /* ini.c in Sources */,
				40487A00246C403A00B776FA /* logging.c in Sources */,
				40E6995424787DAE000ADD53 /* savegame.c in Sources */,
				40517B152473EC57004E2435 /* graphics.c in Sources */,
				404879FC246C403A00B776FA /* controller.c in Sources */,
				404879FD246C403A00B776FA /* supaplex.c in Sources */,
				40487A08246C403A00B776FA /* conditionals.c in Sources */,
				40487A02246C403A00B776FA /* video.c in Sources */,
				40487A04246C403A00B776FA /* audio.c in Sources */,
				404879FF246C403A00B776FA /* touchscreen.c in Sources */,
				40487A06246C403A00B776FA /* config.c in Sources */,
				40564313246F5DB60042F34B /* demo.c in Sources */,
				40487A83246CB32400B776FA /* file.m in Sources */,
				40487A01246C403A00B776FA /* nullVirtualKeyboard.c in Sources */,
				40487A07246C403A00B776FA /* input.c in Sources */,
				40564310246F4A9A0042F34B /* globals.c in Sources */,
				40487A03246C403A00B776FA /* utils.c in Sources */,
			);
			runOnlyForDeploymentPostprocessing = 0;
		};
		40564315247032640042F34B /* Sources */ = {
			isa = PBXSourcesBuildPhase;
			buildActionMask = 2147483647;
			files = (
				40564316247032640042F34B /* commandLineParser.c in Sources */,
				40564317247032640042F34B /* menu.c in Sources */,
				40564318247032640042F34B /* ini.c in Sources */,
				40564319247032640042F34B /* logging.c in Sources */,
				40E6995524787DAE000ADD53 /* savegame.c in Sources */,
				40517B162473EC57004E2435 /* graphics.c in Sources */,
				4056431A247032640042F34B /* controller.c in Sources */,
				4056431B247032640042F34B /* supaplex.c in Sources */,
				4056431C247032640042F34B /* conditionals.c in Sources */,
				4056431D247032640042F34B /* video.c in Sources */,
				4056431E247032640042F34B /* audio.c in Sources */,
				4056431F247032640042F34B /* touchscreen.c in Sources */,
				40564320247032640042F34B /* config.c in Sources */,
				40564321247032640042F34B /* demo.c in Sources */,
				40564322247032640042F34B /* file.m in Sources */,
				40564323247032640042F34B /* nullVirtualKeyboard.c in Sources */,
				40564324247032640042F34B /* input.c in Sources */,
				40564325247032640042F34B /* globals.c in Sources */,
				40564326247032640042F34B /* utils.c in Sources */,
			);
			runOnlyForDeploymentPostprocessing = 0;
		};
/* End PBXSourcesBuildPhase section */

/* Begin XCBuildConfiguration section */
		404879F9246C402B00B776FA /* Debug */ = {
			isa = XCBuildConfiguration;
			buildSettings = {
				ASSETCATALOG_COMPILER_APPICON_NAME = AppIcon;
				CODE_SIGN_ENTITLEMENTS = OpenSupaplex/OpenSupaplex.entitlements;
				CODE_SIGN_STYLE = Automatic;
				COMBINE_HIDPI_IMAGES = YES;
				INFOPLIST_FILE = "macOS-Info.plist";
				LD_RUNPATH_SEARCH_PATHS = (
					"$(inherited)",
					"@executable_path/../Frameworks",
				);
				OTHER_CFLAGS = (
					"-I/usr/local/include",
					"-D_THREAD_SAFE",
				);
				OTHER_LDFLAGS = (
					"-L/usr/local/lib",
					"-lSDL2_mixer",
					"-lSDL2",
					"-lvorbisfile",
					"-lvorbis",
					"-logg",
				);
				PRODUCT_BUNDLE_IDENTIFIER = com.OpenSupaplex;
				PRODUCT_NAME = "$(TARGET_NAME)";
			};
			name = Debug;
		};
		404879FA246C402B00B776FA /* Release */ = {
			isa = XCBuildConfiguration;
			buildSettings = {
				ASSETCATALOG_COMPILER_APPICON_NAME = AppIcon;
				CODE_SIGN_ENTITLEMENTS = OpenSupaplex/OpenSupaplex.entitlements;
				CODE_SIGN_STYLE = Automatic;
				COMBINE_HIDPI_IMAGES = YES;
				INFOPLIST_FILE = "macOS-Info.plist";
				LD_RUNPATH_SEARCH_PATHS = (
					"$(inherited)",
					"@executable_path/../Frameworks",
				);
				OTHER_CFLAGS = (
					"-I/usr/local/include",
					"-D_THREAD_SAFE",
				);
				OTHER_LDFLAGS = (
					"-L/usr/local/lib",
					"-lSDL2_mixer",
					"-lSDL2",
					"-lvorbisfile",
					"-lvorbis",
					"-logg",
				);
				PRODUCT_BUNDLE_IDENTIFIER = com.OpenSupaplex;
				PRODUCT_NAME = "$(TARGET_NAME)";
			};
			name = Release;
		};
		40564348247032640042F34B /* Debug */ = {
			isa = XCBuildConfiguration;
			buildSettings = {
				ASSETCATALOG_COMPILER_APPICON_NAME = AppIcon;
				CODE_SIGN_ENTITLEMENTS = OpenSupaplex/OpenSupaplex.entitlements;
				CODE_SIGN_STYLE = Automatic;
				COMBINE_HIDPI_IMAGES = YES;
				INFOPLIST_FILE = "macOS-sandboxed-Info.plist";
				LD_RUNPATH_SEARCH_PATHS = (
					"$(inherited)",
					"@executable_path/../Frameworks",
				);
				OTHER_CFLAGS = (
					"-I/usr/local/include",
					"-D_THREAD_SAFE",
				);
				OTHER_LDFLAGS = (
					"-L/usr/local/lib",
					"-lSDL2_mixer",
					"-lSDL2",
					"-lvorbisfile",
					"-lvorbis",
					"-logg",
				);
				PRODUCT_BUNDLE_IDENTIFIER = com.OpenSupaplex;
				PRODUCT_NAME = "$(TARGET_NAME)";
			};
			name = Debug;
		};
		40564349247032640042F34B /* Release */ = {
			isa = XCBuildConfiguration;
			buildSettings = {
				ASSETCATALOG_COMPILER_APPICON_NAME = AppIcon;
				CODE_SIGN_ENTITLEMENTS = OpenSupaplex/OpenSupaplex.entitlements;
				CODE_SIGN_STYLE = Automatic;
				COMBINE_HIDPI_IMAGES = YES;
				INFOPLIST_FILE = "macOS-sandboxed-Info.plist";
				LD_RUNPATH_SEARCH_PATHS = (
					"$(inherited)",
					"@executable_path/../Frameworks",
				);
				OTHER_CFLAGS = (
					"-I/usr/local/include",
					"-D_THREAD_SAFE",
				);
				OTHER_LDFLAGS = (
					"-L/usr/local/lib",
					"-lSDL2_mixer",
					"-lSDL2",
					"-lvorbisfile",
					"-lvorbis",
					"-logg",
				);
				PRODUCT_BUNDLE_IDENTIFIER = com.OpenSupaplex;
				PRODUCT_NAME = "$(TARGET_NAME)";
			};
			name = Release;
		};
		40C0D73124196126004742A9 /* Debug */ = {
			isa = XCBuildConfiguration;
			buildSettings = {
				ALWAYS_SEARCH_USER_PATHS = NO;
				CLANG_ANALYZER_NONNULL = YES;
				CLANG_ANALYZER_NUMBER_OBJECT_CONVERSION = YES_AGGRESSIVE;
				CLANG_CXX_LANGUAGE_STANDARD = "gnu++14";
				CLANG_CXX_LIBRARY = "libc++";
				CLANG_ENABLE_MODULES = YES;
				CLANG_ENABLE_OBJC_ARC = YES;
				CLANG_ENABLE_OBJC_WEAK = YES;
				CLANG_WARN_BLOCK_CAPTURE_AUTORELEASING = YES;
				CLANG_WARN_BOOL_CONVERSION = YES;
				CLANG_WARN_COMMA = YES;
				CLANG_WARN_CONSTANT_CONVERSION = YES;
				CLANG_WARN_DEPRECATED_OBJC_IMPLEMENTATIONS = YES;
				CLANG_WARN_DIRECT_OBJC_ISA_USAGE = YES_ERROR;
				CLANG_WARN_DOCUMENTATION_COMMENTS = YES;
				CLANG_WARN_EMPTY_BODY = YES;
				CLANG_WARN_ENUM_CONVERSION = YES;
				CLANG_WARN_INFINITE_RECURSION = YES;
				CLANG_WARN_INT_CONVERSION = YES;
				CLANG_WARN_NON_LITERAL_NULL_CONVERSION = YES;
				CLANG_WARN_OBJC_IMPLICIT_RETAIN_SELF = YES;
				CLANG_WARN_OBJC_LITERAL_CONVERSION = YES;
				CLANG_WARN_OBJC_ROOT_CLASS = YES_ERROR;
				CLANG_WARN_RANGE_LOOP_ANALYSIS = YES;
				CLANG_WARN_STRICT_PROTOTYPES = YES;
				CLANG_WARN_SUSPICIOUS_MOVE = YES;
				CLANG_WARN_UNGUARDED_AVAILABILITY = YES_AGGRESSIVE;
				CLANG_WARN_UNREACHABLE_CODE = YES;
				CLANG_WARN__DUPLICATE_METHOD_MATCH = YES;
				COPY_PHASE_STRIP = NO;
				DEBUG_INFORMATION_FORMAT = dwarf;
				ENABLE_STRICT_OBJC_MSGSEND = YES;
				ENABLE_TESTABILITY = YES;
				GCC_C_LANGUAGE_STANDARD = gnu11;
				GCC_DYNAMIC_NO_PIC = NO;
				GCC_NO_COMMON_BLOCKS = YES;
				GCC_OPTIMIZATION_LEVEL = 0;
				GCC_PREPROCESSOR_DEFINITIONS = (
					"DEBUG=1",
					"$(inherited)",
				);
				GCC_WARN_64_TO_32_BIT_CONVERSION = YES;
				GCC_WARN_ABOUT_RETURN_TYPE = YES_ERROR;
				GCC_WARN_UNDECLARED_SELECTOR = YES;
				GCC_WARN_UNINITIALIZED_AUTOS = YES_AGGRESSIVE;
				GCC_WARN_UNUSED_FUNCTION = YES;
				GCC_WARN_UNUSED_VARIABLE = YES;
				MACOSX_DEPLOYMENT_TARGET = 10.15;
				MTL_ENABLE_DEBUG_INFO = INCLUDE_SOURCE;
				MTL_FAST_MATH = YES;
				ONLY_ACTIVE_ARCH = YES;
				SDKROOT = macosx;
			};
			name = Debug;
		};
		40C0D73224196126004742A9 /* Release */ = {
			isa = XCBuildConfiguration;
			buildSettings = {
				ALWAYS_SEARCH_USER_PATHS = NO;
				CLANG_ANALYZER_NONNULL = YES;
				CLANG_ANALYZER_NUMBER_OBJECT_CONVERSION = YES_AGGRESSIVE;
				CLANG_CXX_LANGUAGE_STANDARD = "gnu++14";
				CLANG_CXX_LIBRARY = "libc++";
				CLANG_ENABLE_MODULES = YES;
				CLANG_ENABLE_OBJC_ARC = YES;
				CLANG_ENABLE_OBJC_WEAK = YES;
				CLANG_WARN_BLOCK_CAPTURE_AUTORELEASING = YES;
				CLANG_WARN_BOOL_CONVERSION = YES;
				CLANG_WARN_COMMA = YES;
				CLANG_WARN_CONSTANT_CONVERSION = YES;
				CLANG_WARN_DEPRECATED_OBJC_IMPLEMENTATIONS = YES;
				CLANG_WARN_DIRECT_OBJC_ISA_USAGE = YES_ERROR;
				CLANG_WARN_DOCUMENTATION_COMMENTS = YES;
				CLANG_WARN_EMPTY_BODY = YES;
				CLANG_WARN_ENUM_CONVERSION = YES;
				CLANG_WARN_INFINITE_RECURSION = YES;
				CLANG_WARN_INT_CONVERSION = YES;
				CLANG_WARN_NON_LITERAL_NULL_CONVERSION = YES;
				CLANG_WARN_OBJC_IMPLICIT_RETAIN_SELF = YES;
				CLANG_WARN_OBJC_LITERAL_CONVERSION = YES;
				CLANG_WARN_OBJC_ROOT_CLASS = YES_ERROR;
				CLANG_WARN_RANGE_LOOP_ANALYSIS = YES;
				CLANG_WARN_STRICT_PROTOTYPES = YES;
				CLANG_WARN_SUSPICIOUS_MOVE = YES;
				CLANG_WARN_UNGUARDED_AVAILABILITY = YES_AGGRESSIVE;
				CLANG_WARN_UNREACHABLE_CODE = YES;
				CLANG_WARN__DUPLICATE_METHOD_MATCH = YES;
				COPY_PHASE_STRIP = NO;
				DEBUG_INFORMATION_FORMAT = "dwarf-with-dsym";
				ENABLE_NS_ASSERTIONS = NO;
				ENABLE_STRICT_OBJC_MSGSEND = YES;
				GCC_C_LANGUAGE_STANDARD = gnu11;
				GCC_NO_COMMON_BLOCKS = YES;
				GCC_WARN_64_TO_32_BIT_CONVERSION = YES;
				GCC_WARN_ABOUT_RETURN_TYPE = YES_ERROR;
				GCC_WARN_UNDECLARED_SELECTOR = YES;
				GCC_WARN_UNINITIALIZED_AUTOS = YES_AGGRESSIVE;
				GCC_WARN_UNUSED_FUNCTION = YES;
				GCC_WARN_UNUSED_VARIABLE = YES;
				MACOSX_DEPLOYMENT_TARGET = 10.15;
				MTL_ENABLE_DEBUG_INFO = NO;
				MTL_FAST_MATH = YES;
				SDKROOT = macosx;
			};
			name = Release;
		};
/* End XCBuildConfiguration section */

/* Begin XCConfigurationList section */
		404879F8246C402B00B776FA /* Build configuration list for PBXNativeTarget "OpenSupaplex" */ = {
			isa = XCConfigurationList;
			buildConfigurations = (
				404879F9246C402B00B776FA /* Debug */,
				404879FA246C402B00B776FA /* Release */,
			);
			defaultConfigurationIsVisible = 0;
			defaultConfigurationName = Release;
		};
		40564347247032640042F34B /* Build configuration list for PBXNativeTarget "OpenSupaplex-sandboxed" */ = {
			isa = XCConfigurationList;
			buildConfigurations = (
				40564348247032640042F34B /* Debug */,
				40564349247032640042F34B /* Release */,
			);
			defaultConfigurationIsVisible = 0;
			defaultConfigurationName = Release;
		};
		40C0D72724196126004742A9 /* Build configuration list for PBXProject "OpenSupaplex" */ = {
			isa = XCConfigurationList;
			buildConfigurations = (
				40C0D73124196126004742A9 /* Debug */,
				40C0D73224196126004742A9 /* Release */,
			);
			defaultConfigurationIsVisible = 0;
			defaultConfigurationName = Release;
		};
/* End XCConfigurationList section */
	};
	rootObject = 40C0D72424196126004742A9 /* Project object */;
}
